// !$*UTF8*$!
{
	archiveVersion = 1;
	classes = {
	};
	objectVersion = 77;
	objects = {

/* Begin PBXBuildFile section */
		044B8FF637539E5ACADA5020 /* APISerialization.swift in Sources */ = {isa = PBXBuildFile; fileRef = C7DB1071371929ABD9C3FADF /* APISerialization.swift */; };
		0F27D45DD018F705C514307A /* PaginationManagerTests.swift in Sources */ = {isa = PBXBuildFile; fileRef = FE6BADDC7C28A9E361C7FF03 /* PaginationManagerTests.swift */; };
		1079C154B93CA9F349EDE838 /* KeychainError.swift in Sources */ = {isa = PBXBuildFile; fileRef = 49357D8B9E656E6647DBAB59 /* KeychainError.swift */; };
		10BA3067C726A53F2A89E98E /* RouteResponse.swift in Sources */ = {isa = PBXBuildFile; fileRef = 53F9CF7B68044A0ECCCD2A8F /* RouteResponse.swift */; };
		114187CAA18947CCB3DB444B /* DoubleExtensionsTests.swift in Sources */ = {isa = PBXBuildFile; fileRef = 33FCD80EB022F77824BB2B0F /* DoubleExtensionsTests.swift */; };
		13222F9BF968555983B19631 /* APIEnvironmentType.swift in Sources */ = {isa = PBXBuildFile; fileRef = C605EB414F6AEF9A023F8E92 /* APIEnvironmentType.swift */; };
		13ACA87293EEBB5CEA5940EA /* Labels.swift in Sources */ = {isa = PBXBuildFile; fileRef = 3E8535DD04851B504DF7819D /* Labels.swift */; };
		14AC869858C42A99B8B533C8 /* RefreshTokenRequest.swift in Sources */ = {isa = PBXBuildFile; fileRef = F15641A67B82A70ABE89BA3B /* RefreshTokenRequest.swift */; };
		1CD93607846541FD5EE98B5A /* ListFlowLayout.swift in Sources */ = {isa = PBXBuildFile; fileRef = D935CCA3A07AD373391EDA18 /* ListFlowLayout.swift */; };
		20516B3BE8D7C0CBCD68C857 /* ItemDetailResponse.swift in Sources */ = {isa = PBXBuildFile; fileRef = 48632B186C2DFA239B6B15CC /* ItemDetailResponse.swift */; };
		211398F4F8506D0A5D3906BE /* UICollectionViewExtensions.swift in Sources */ = {isa = PBXBuildFile; fileRef = 8BDBE0BC5E774C0710938FA2 /* UICollectionViewExtensions.swift */; };
		22239932DF2A700D057A7ACD /* Assets.xcassets in Resources */ = {isa = PBXBuildFile; fileRef = F48FE958AD15F43C7A181BAB /* Assets.xcassets */; };
		27A148464A4EC89E21B5E6AD /* Typography.swift in Sources */ = {isa = PBXBuildFile; fileRef = 97575309B26DD0FF89C0E81D /* Typography.swift */; };
		2836F1D01CB649CCDACBDAC4 /* LoginView.swift in Sources */ = {isa = PBXBuildFile; fileRef = F55BFB99F1A8A51B99A6B77C /* LoginView.swift */; };
		2B784BD188520B1A8A4F9C96 /* RefreshTokenRequest.json in Resources */ = {isa = PBXBuildFile; fileRef = 093733000594E8DB139BD0C4 /* RefreshTokenRequest.json */; };
		2F54D5D968CF5D16CF1B8AE8 /* APIClientProtocol.swift in Sources */ = {isa = PBXBuildFile; fileRef = C4FB4B78140CC41AD2B541E1 /* APIClientProtocol.swift */; };
		3240FB2CD615012268F18B38 /* DetailViewDisplayModel.swift in Sources */ = {isa = PBXBuildFile; fileRef = 99E6143CEAF2ED4D8C2BDE9F /* DetailViewDisplayModel.swift */; };
		34C5D5FC395B28332582AA7F /* ErrorProtocol.swift in Sources */ = {isa = PBXBuildFile; fileRef = FA6CDEBDFB2F083FD881FDBB /* ErrorProtocol.swift */; };
		35B59A9CCBCD82D678696772 /* TokenRequest.swift in Sources */ = {isa = PBXBuildFile; fileRef = D3F70AD938E2C3A3A1613BBC /* TokenRequest.swift */; };
		363C0C6927FE110A820254F3 /* ItemResponse.swift in Sources */ = {isa = PBXBuildFile; fileRef = 22CF509E6AD9C8CF4C477F98 /* ItemResponse.swift */; };
		37704D65630BA446F796301E /* ListViewModel.swift in Sources */ = {isa = PBXBuildFile; fileRef = 6EEBF5B9A4916C273E7C566A /* ListViewModel.swift */; };
		39D2AF7B560399D047A1B2C7 /* ItemsRequest.swift in Sources */ = {isa = PBXBuildFile; fileRef = 38DF4F691FE8FD46FF1B9CBC /* ItemsRequest.swift */; };
		3A28ED93098231E3AAC0913E /* DetailCollectionViewCell.swift in Sources */ = {isa = PBXBuildFile; fileRef = 1D325F64B2D7EEB52DBA6084 /* DetailCollectionViewCell.swift */; };
		3A438BE67CB2224FCD648E5E /* ShadowElevation.swift in Sources */ = {isa = PBXBuildFile; fileRef = 6DF65B5C02660A4327D6B307 /* ShadowElevation.swift */; };
		3AB3D3A8EFD667A5C525D05F /* ScrollableToTop.swift in Sources */ = {isa = PBXBuildFile; fileRef = 7F9B934BB9C6DD527009B590 /* ScrollableToTop.swift */; };
		3DE2A30A8E0F41C7B30DEE1E /* LoginViewModel.swift in Sources */ = {isa = PBXBuildFile; fileRef = AE62680E2FC5063E5534A7FD /* LoginViewModel.swift */; };
		4522F4A0B293CADC3E87ACB5 /* StringExtensionTests.swift in Sources */ = {isa = PBXBuildFile; fileRef = BB44E2A6AC3C9A6B682143CA /* StringExtensionTests.swift */; };
		49EF9CFD62C9FCF15D86C5A7 /* OperationManager.swift in Sources */ = {isa = PBXBuildFile; fileRef = 17222FC02D5FA03BFD5BFB9C /* OperationManager.swift */; };
		4A52520C386A3FE4AFE6D4D9 /* Strings.swift in Sources */ = {isa = PBXBuildFile; fileRef = 3D50F6EF7AB24F7BDD9012FB /* Strings.swift */; };
		4F89C6EBBCD165C37B82DC00 /* StringExtensions.swift in Sources */ = {isa = PBXBuildFile; fileRef = 499D328B64B754FE65D3BAEE /* StringExtensions.swift */; };
		51D3CEE3EC4E441A1C646394 /* Spacing.swift in Sources */ = {isa = PBXBuildFile; fileRef = 61271A4A4596FF1C41B068D8 /* Spacing.swift */; };
		533F5C37687E83A45FEB0093 /* RideResponse.swift in Sources */ = {isa = PBXBuildFile; fileRef = 19B27EB87D259B6C5ACA40E6 /* RideResponse.swift */; };
		55A2A05365F5B7BE84E8748A /* ProductionEnvironment.swift in Sources */ = {isa = PBXBuildFile; fileRef = D309EB909B2608F4E3B7DBB6 /* ProductionEnvironment.swift */; };
		5673536AF99203EB70A68316 /* APIError.swift in Sources */ = {isa = PBXBuildFile; fileRef = B52BB2C5C86494A295BD12C0 /* APIError.swift */; };
		56F93C2EA33BEEF51BACE610 /* ImageCache.swift in Sources */ = {isa = PBXBuildFile; fileRef = 00570A59BFFA524F51DCF88A /* ImageCache.swift */; };
		57125D63FE37DE836A12878D /* URLRequestExtension.swift in Sources */ = {isa = PBXBuildFile; fileRef = 8B2A4AB4274824CF2FDCC2D0 /* URLRequestExtension.swift */; };
		5746E50532D4EEC93C51BCEE /* JSONDecoderExtensions.swift in Sources */ = {isa = PBXBuildFile; fileRef = 5D382A9340853F2485993B77 /* JSONDecoderExtensions.swift */; };
		5C408598119A8EACF2179B17 /* URLQueryItemEncoder.swift in Sources */ = {isa = PBXBuildFile; fileRef = 91190E1437B936F4365A5CDA /* URLQueryItemEncoder.swift */; };
		629791500472E07079D1C158 /* APIClient.swift in Sources */ = {isa = PBXBuildFile; fileRef = 56C3F95B91F51797FC26E19F /* APIClient.swift */; };
		63F62792CA3916AC06F07ADD /* FeedbackView.swift in Sources */ = {isa = PBXBuildFile; fileRef = B66430E46B9865FA78EC1EE6 /* FeedbackView.swift */; };
		66ED7D35DE76D078E4A6A10C /* KeychainService.swift in Sources */ = {isa = PBXBuildFile; fileRef = 0DA41A21DEFDBEEA27A7BFF0 /* KeychainService.swift */; };
		68056D91CBBB30EC9004C5A2 /* TokenResponse.swift in Sources */ = {isa = PBXBuildFile; fileRef = 4B4FB54AB750D187497F8352 /* TokenResponse.swift */; };
		695893E962FC91757117A395 /* SearchViewModel.swift in Sources */ = {isa = PBXBuildFile; fileRef = AF573474352BD1A84FE99E41 /* SearchViewModel.swift */; };
		6BD574DBA889607E4F531258 /* UIEdgeInsetsExtensions.swift in Sources */ = {isa = PBXBuildFile; fileRef = F49D452DFA52C8C599C5E9B9 /* UIEdgeInsetsExtensions.swift */; };
		6D1FB5A7D926DEE2FD2CA37C /* ListItemDisplayModel.swift in Sources */ = {isa = PBXBuildFile; fileRef = 0F076F21FFE783AFA364D791 /* ListItemDisplayModel.swift */; };
		6D9F5516B3E59E517823E5ED /* RequestFactory.swift in Sources */ = {isa = PBXBuildFile; fileRef = B4C8228A5302E2D19F4E3398 /* RequestFactory.swift */; };
		704C966FCDF4CB2200B42D0D /* Navigable.swift in Sources */ = {isa = PBXBuildFile; fileRef = D78CE520D782E078DC9DD2AC /* Navigable.swift */; };
		70834125E3DF0D8081DDE889 /* FeedbackViewController.swift in Sources */ = {isa = PBXBuildFile; fileRef = 6D0A348F43635B7CFA8F374F /* FeedbackViewController.swift */; };
		717DCBCE964DB7506C3242D3 /* ResponseType.swift in Sources */ = {isa = PBXBuildFile; fileRef = 61581B42180859BD3ED39C9F /* ResponseType.swift */; };
		71D64D391C089452E90D741B /* Loadable.swift in Sources */ = {isa = PBXBuildFile; fileRef = 9902F8BE55853AD5046D4464 /* Loadable.swift */; };
		77741866ADE9A91D9A2DE5C7 /* SplashViewController.swift in Sources */ = {isa = PBXBuildFile; fileRef = 9617635B7C0BBC64E73A840F /* SplashViewController.swift */; };
		78AA198541CCC680D135478D /* ReusableView.swift in Sources */ = {isa = PBXBuildFile; fileRef = 2E6C780FF985CC10231C3744 /* ReusableView.swift */; };
		79480AC96567B02F51A85DB8 /* EnvironmentFactory.swift in Sources */ = {isa = PBXBuildFile; fileRef = D3BEEBCE825B91CBE6AE88C5 /* EnvironmentFactory.swift */; };
		79B398CD3A42FFD7E5D04553 /* Colors.xcassets in Resources */ = {isa = PBXBuildFile; fileRef = 591ECF1976328879D4B313AB /* Colors.xcassets */; };
		7AAFE3E521D284368ABFC934 /* TokenRequest.json in Resources */ = {isa = PBXBuildFile; fileRef = DA2F7CEA4A54E036F90A1E9C /* TokenRequest.json */; };
		7DEAEDBB98695D0F14BF93A2 /* WASAPIMock.swift in Sources */ = {isa = PBXBuildFile; fileRef = 34209B378C6E7602D8D5B73B /* WASAPIMock.swift */; };
		8053FE0C000FCBA348C24BBC /* TextFields.swift in Sources */ = {isa = PBXBuildFile; fileRef = 379EDA813A6D43D184DE3B09 /* TextFields.swift */; };
		8154A7CF349AB0CDC1543640 /* UIFontExtensions.swift in Sources */ = {isa = PBXBuildFile; fileRef = B14DEF93B18260E13C086046 /* UIFontExtensions.swift */; };
		854DDE302B7DC080BE60B0B1 /* ItemDescriptionRequest.swift in Sources */ = {isa = PBXBuildFile; fileRef = 6571FDC0400EF709D3BD8679 /* ItemDescriptionRequest.swift */; };
		8B5680A5404D82FB2F48938A /* APIHTTPMethod.swift in Sources */ = {isa = PBXBuildFile; fileRef = FDEF83D356788DBC300DF093 /* APIHTTPMethod.swift */; };
		8C1DF0784A7FE07584FB315F /* RequestFactoryError.swift in Sources */ = {isa = PBXBuildFile; fileRef = 5C5E89A84B734EBEEB9BD788 /* RequestFactoryError.swift */; };
		8C50B073C101D055C8D44310 /* Colors.swift in Sources */ = {isa = PBXBuildFile; fileRef = 77719B5587613442198C4E85 /* Colors.swift */; };
		8DAED5F8E4CFB07A9368B48D /* UIImageViewExtensions.swift in Sources */ = {isa = PBXBuildFile; fileRef = A93B118FE870153B3CD28CDE /* UIImageViewExtensions.swift */; };
		91D1906C1EBAB6B5ABA1279C /* DependencyContainer.swift in Sources */ = {isa = PBXBuildFile; fileRef = 31BEBC3F0D76803146682614 /* DependencyContainer.swift */; };
		928C7D8E4E61400F913967BE /* FeedbackViewDisplayModel.swift in Sources */ = {isa = PBXBuildFile; fileRef = AD72392D72F96BD9FA817F74 /* FeedbackViewDisplayModel.swift */; };
		94DD6BBD1836039863DD1716 /* LoginViewController.swift in Sources */ = {isa = PBXBuildFile; fileRef = AD947AD2D8429018F0B3B578 /* LoginViewController.swift */; };
		9A4BF4DF3CDB0B39322C9507 /* APIRequest.swift in Sources */ = {isa = PBXBuildFile; fileRef = 64FC21AF306DC1915BB319E3 /* APIRequest.swift */; };
		9EBDA76C253C8D0AEFBCCA4A /* Debouncer.swift in Sources */ = {isa = PBXBuildFile; fileRef = 5C8C8EBCA51B45D9A3489AAE /* Debouncer.swift */; };
		9FA2679A31517B1CFC6C3748 /* APIRequestExtensions.swift in Sources */ = {isa = PBXBuildFile; fileRef = FE0C6E9446069D6110E6C7CD /* APIRequestExtensions.swift */; };
		A0BD767BB94FC99FD69F79D5 /* ListViewController.swift in Sources */ = {isa = PBXBuildFile; fileRef = CB7D66C3CF2A361EC23AA0C4 /* ListViewController.swift */; };
		A1FCA1D154C90FF332B7264A /* DriverResponse.swift in Sources */ = {isa = PBXBuildFile; fileRef = 623B5633E582ADD3C0552761 /* DriverResponse.swift */; };
		A244FE7E58CF2AAFC2FFA70B /* Corners.swift in Sources */ = {isa = PBXBuildFile; fileRef = 51753DCEF784F6788751DC7A /* Corners.swift */; };
		A2ACC73A8D094E8C1AC03A10 /* SearchRequest.json in Resources */ = {isa = PBXBuildFile; fileRef = 3EB042093BE3A27F095EBD07 /* SearchRequest.json */; };
		A525F838CD792F69C24C6E47 /* SearchRequest.swift in Sources */ = {isa = PBXBuildFile; fileRef = 04951C70CB0A0B7761809220 /* SearchRequest.swift */; };
		AA582507E2C0D7748E32D3A1 /* BundleExtensions.swift in Sources */ = {isa = PBXBuildFile; fileRef = 914F1D2A48953C4063491A73 /* BundleExtensions.swift */; };
		AB8135CA69A047D5C58CBF2D /* HTTPParameter.swift in Sources */ = {isa = PBXBuildFile; fileRef = 64005376E0790BA574B328F3 /* HTTPParameter.swift */; };
		AC27A132A2F89F227B344EAD /* Buttons.swift in Sources */ = {isa = PBXBuildFile; fileRef = 32F119F55D938FC33669718E /* Buttons.swift */; };
		AEE3BF1074B135217C503F0D /* GenericErrorResponse.swift in Sources */ = {isa = PBXBuildFile; fileRef = 184E62EF099718922F5F9C3A /* GenericErrorResponse.swift */; };
		B047D5DF824AA7863B564DA7 /* GeoLocationResponseTests.swift in Sources */ = {isa = PBXBuildFile; fileRef = 45558B930ECB5116525F2DBC /* GeoLocationResponseTests.swift */; };
		B17A53174C33D0C92DCF05EE /* DetailFlowLayout.swift in Sources */ = {isa = PBXBuildFile; fileRef = E503663EE287405D447343B5 /* DetailFlowLayout.swift */; };
		B1D96CA308958DB89FCE450E /* ViewCoding.swift in Sources */ = {isa = PBXBuildFile; fileRef = CCF91CD7320586F394789647 /* ViewCoding.swift */; };
		B32220E5E3AF61450F135AE0 /* DoubleExtensions.swift in Sources */ = {isa = PBXBuildFile; fileRef = A26B404FD80E87B325C7D388 /* DoubleExtensions.swift */; };
		B33D41C152BFC5DF1D9A5536 /* TokenErrorResponse.swift in Sources */ = {isa = PBXBuildFile; fileRef = 442FED2DB9470D1953B21DAC /* TokenErrorResponse.swift */; };
		B5E8436B705D15E791F1F926 /* DetailViewController.swift in Sources */ = {isa = PBXBuildFile; fileRef = A946539FA76CB63AF32272C4 /* DetailViewController.swift */; };
		B67C7B1A16DBCE3B5A43393A /* Localizable.strings in Resources */ = {isa = PBXBuildFile; fileRef = DC3937BB5EB77237761006E2 /* Localizable.strings */; };
		B71CF4AEB72C9456AECB445F /* SearchResponse.swift in Sources */ = {isa = PBXBuildFile; fileRef = F607D596A5CBE45F1576900B /* SearchResponse.swift */; };
		B73411DAD73CF36B22CD74E5 /* Environment.swift in Sources */ = {isa = PBXBuildFile; fileRef = EE84748DA35613AC107F74FB /* Environment.swift */; };
		B7583B5B0A1E6175ADE2707A /* SearchViewController.swift in Sources */ = {isa = PBXBuildFile; fileRef = 3B5F219B06BED508503FE6A1 /* SearchViewController.swift */; };
		B83AEE0929857C4BB1AAFD2F /* URLFactory.swift in Sources */ = {isa = PBXBuildFile; fileRef = 0E91407855766C218560BCA6 /* URLFactory.swift */; };
		BCCF6865658D71E7B298B19C /* ListPaginationManager.swift in Sources */ = {isa = PBXBuildFile; fileRef = 1A1FC4EC9F73D365FC81F6A5 /* ListPaginationManager.swift */; };
		BDEDD1EF2479B33986D3D5DA /* UIViewExtensions.swift in Sources */ = {isa = PBXBuildFile; fileRef = ECC803B430B85475D9F6C974 /* UIViewExtensions.swift */; };
		C0F8DC9E9ACFA225FD81E5C2 /* AppConfiguration.swift in Sources */ = {isa = PBXBuildFile; fileRef = 3C167CC35275FA109CB4971D /* AppConfiguration.swift */; };
		C4C077454ABD9A4D80AACC9F /* AppDelegate.swift in Sources */ = {isa = PBXBuildFile; fileRef = 485B4FF3702CEB1110DF7E27 /* AppDelegate.swift */; };
		C615CAFD7A0A0BC1D5652141 /* LocalEnvironment.swift in Sources */ = {isa = PBXBuildFile; fileRef = 3EC402505685827D582F4A74 /* LocalEnvironment.swift */; };
		C758551BE07CC28E3DCB3BAE /* ListCollectionViewCell.swift in Sources */ = {isa = PBXBuildFile; fileRef = EF53D249AD58881FEC20B9D0 /* ListCollectionViewCell.swift */; };
		C788311AC95868B20D2684DE /* Logger.swift in Sources */ = {isa = PBXBuildFile; fileRef = 9858DB55CFB8CAC0EABFB8C6 /* Logger.swift */; };
		CA2147660B0366BDAA1FF5AD /* LaunchScreen.storyboard in Resources */ = {isa = PBXBuildFile; fileRef = 2558007B90AEDA8694F9159A /* LaunchScreen.storyboard */; };
		CC8907EAAB16EC08598470F3 /* Scale.swift in Sources */ = {isa = PBXBuildFile; fileRef = 3707413BD40C517964D25E87 /* Scale.swift */; };
		CCBE7F39D5DAC25DE56E3252 /* ListView.swift in Sources */ = {isa = PBXBuildFile; fileRef = 8A703BAEE254F10A2F7F8A6D /* ListView.swift */; };
		CD6A1666B28B0A730FB53B36 /* DetailViewModel.swift in Sources */ = {isa = PBXBuildFile; fileRef = D23741F8ACDEAFF8A36B6A8E /* DetailViewModel.swift */; };
		CEDD51E4184506E8C215CBDD /* TokenManager.swift in Sources */ = {isa = PBXBuildFile; fileRef = DEC1492BA5458DA681D0C660 /* TokenManager.swift */; };
		CF9A95DAB23B3710003E25B3 /* EstimateResponse.swift in Sources */ = {isa = PBXBuildFile; fileRef = 492EBDD9B836C0320E345B51 /* EstimateResponse.swift */; };
		D1F0FCE505D85F9F1EA23DA2 /* ResponseParser.swift in Sources */ = {isa = PBXBuildFile; fileRef = 993FABBF98DE2FC052C7668B /* ResponseParser.swift */; };
		D318F7EEA6E5593D0CBF0D26 /* SearchView.swift in Sources */ = {isa = PBXBuildFile; fileRef = 8FEB3E31E7A8CA807DBA1EF1 /* SearchView.swift */; };
		DC125A63977603ABDFFEAAF4 /* ItemsRequest.json in Resources */ = {isa = PBXBuildFile; fileRef = BEFF5365ABA0BCF78E0FFBA9 /* ItemsRequest.json */; };
		DDDAD226675F3DDD5FCAAD38 /* RidesResponse.swift in Sources */ = {isa = PBXBuildFile; fileRef = 8141803E2963D8945E769A7A /* RidesResponse.swift */; };
		E08B9AFFC199877718A690AB /* GeoLocationResponse.swift in Sources */ = {isa = PBXBuildFile; fileRef = 47F075BA544604A5F83422E5 /* GeoLocationResponse.swift */; };
		E2B90E6074ACE824C8DE36F8 /* ItemDescriptionRequest.json in Resources */ = {isa = PBXBuildFile; fileRef = FCFE535713503AA975F166C8 /* ItemDescriptionRequest.json */; };
		EEBF7021FE90517A10A178DE /* ErrorCode.swift in Sources */ = {isa = PBXBuildFile; fileRef = 8805FF699E3C46C32C445985 /* ErrorCode.swift */; };
		EF5A6CB571348FF201312191 /* DetailView.swift in Sources */ = {isa = PBXBuildFile; fileRef = B0DFD820387B7DBA6E5A9654 /* DetailView.swift */; };
		FFF9F1E290E47F95E95763A3 /* Sizes.swift in Sources */ = {isa = PBXBuildFile; fileRef = 9912D9A84E4C02A5FB3A3B4F /* Sizes.swift */; };
/* End PBXBuildFile section */

/* Begin PBXContainerItemProxy section */
		C7A29AC73D88BCC6FC5AF32A /* PBXContainerItemProxy */ = {
			isa = PBXContainerItemProxy;
			containerPortal = 3D3C629AA56C05E99DA73355 /* Project object */;
			proxyType = 1;
			remoteGlobalIDString = 1BD18AB17563842D09796886;
			remoteInfo = challenge;
		};
/* End PBXContainerItemProxy section */

/* Begin PBXFileReference section */
		00570A59BFFA524F51DCF88A /* ImageCache.swift */ = {isa = PBXFileReference; lastKnownFileType = sourcecode.swift; path = ImageCache.swift; sourceTree = "<group>"; };
		04951C70CB0A0B7761809220 /* SearchRequest.swift */ = {isa = PBXFileReference; lastKnownFileType = sourcecode.swift; path = SearchRequest.swift; sourceTree = "<group>"; };
		093733000594E8DB139BD0C4 /* RefreshTokenRequest.json */ = {isa = PBXFileReference; lastKnownFileType = text.json; path = RefreshTokenRequest.json; sourceTree = "<group>"; };
		0DA41A21DEFDBEEA27A7BFF0 /* KeychainService.swift */ = {isa = PBXFileReference; lastKnownFileType = sourcecode.swift; path = KeychainService.swift; sourceTree = "<group>"; };
		0E91407855766C218560BCA6 /* URLFactory.swift */ = {isa = PBXFileReference; lastKnownFileType = sourcecode.swift; path = URLFactory.swift; sourceTree = "<group>"; };
		0F076F21FFE783AFA364D791 /* ListItemDisplayModel.swift */ = {isa = PBXFileReference; lastKnownFileType = sourcecode.swift; path = ListItemDisplayModel.swift; sourceTree = "<group>"; };
		12F63258320BA3CC9F59B93A /* challenge.app */ = {isa = PBXFileReference; includeInIndex = 0; lastKnownFileType = wrapper.application; path = challenge.app; sourceTree = BUILT_PRODUCTS_DIR; };
		17222FC02D5FA03BFD5BFB9C /* OperationManager.swift */ = {isa = PBXFileReference; lastKnownFileType = sourcecode.swift; path = OperationManager.swift; sourceTree = "<group>"; };
		184E62EF099718922F5F9C3A /* GenericErrorResponse.swift */ = {isa = PBXFileReference; lastKnownFileType = sourcecode.swift; path = GenericErrorResponse.swift; sourceTree = "<group>"; };
		19B27EB87D259B6C5ACA40E6 /* RideResponse.swift */ = {isa = PBXFileReference; lastKnownFileType = sourcecode.swift; path = RideResponse.swift; sourceTree = "<group>"; };
		1A1FC4EC9F73D365FC81F6A5 /* ListPaginationManager.swift */ = {isa = PBXFileReference; lastKnownFileType = sourcecode.swift; path = ListPaginationManager.swift; sourceTree = "<group>"; };
		1D325F64B2D7EEB52DBA6084 /* DetailCollectionViewCell.swift */ = {isa = PBXFileReference; lastKnownFileType = sourcecode.swift; path = DetailCollectionViewCell.swift; sourceTree = "<group>"; };
		22CF509E6AD9C8CF4C477F98 /* ItemResponse.swift */ = {isa = PBXFileReference; lastKnownFileType = sourcecode.swift; path = ItemResponse.swift; sourceTree = "<group>"; };
		2E6C780FF985CC10231C3744 /* ReusableView.swift */ = {isa = PBXFileReference; lastKnownFileType = sourcecode.swift; path = ReusableView.swift; sourceTree = "<group>"; };
		31BEBC3F0D76803146682614 /* DependencyContainer.swift */ = {isa = PBXFileReference; lastKnownFileType = sourcecode.swift; path = DependencyContainer.swift; sourceTree = "<group>"; };
		32F119F55D938FC33669718E /* Buttons.swift */ = {isa = PBXFileReference; lastKnownFileType = sourcecode.swift; path = Buttons.swift; sourceTree = "<group>"; };
		33FCD80EB022F77824BB2B0F /* DoubleExtensionsTests.swift */ = {isa = PBXFileReference; lastKnownFileType = sourcecode.swift; path = DoubleExtensionsTests.swift; sourceTree = "<group>"; };
		34209B378C6E7602D8D5B73B /* WASAPIMock.swift */ = {isa = PBXFileReference; lastKnownFileType = sourcecode.swift; path = WASAPIMock.swift; sourceTree = "<group>"; };
		3707413BD40C517964D25E87 /* Scale.swift */ = {isa = PBXFileReference; lastKnownFileType = sourcecode.swift; path = Scale.swift; sourceTree = "<group>"; };
		379EDA813A6D43D184DE3B09 /* TextFields.swift */ = {isa = PBXFileReference; lastKnownFileType = sourcecode.swift; path = TextFields.swift; sourceTree = "<group>"; };
		38DF4F691FE8FD46FF1B9CBC /* ItemsRequest.swift */ = {isa = PBXFileReference; lastKnownFileType = sourcecode.swift; path = ItemsRequest.swift; sourceTree = "<group>"; };
		3B5F219B06BED508503FE6A1 /* SearchViewController.swift */ = {isa = PBXFileReference; lastKnownFileType = sourcecode.swift; path = SearchViewController.swift; sourceTree = "<group>"; };
		3C167CC35275FA109CB4971D /* AppConfiguration.swift */ = {isa = PBXFileReference; lastKnownFileType = sourcecode.swift; path = AppConfiguration.swift; sourceTree = "<group>"; };
		3D50F6EF7AB24F7BDD9012FB /* Strings.swift */ = {isa = PBXFileReference; lastKnownFileType = sourcecode.swift; path = Strings.swift; sourceTree = "<group>"; };
		3E8535DD04851B504DF7819D /* Labels.swift */ = {isa = PBXFileReference; lastKnownFileType = sourcecode.swift; path = Labels.swift; sourceTree = "<group>"; };
		3EB042093BE3A27F095EBD07 /* SearchRequest.json */ = {isa = PBXFileReference; lastKnownFileType = text.json; path = SearchRequest.json; sourceTree = "<group>"; };
		3EC402505685827D582F4A74 /* LocalEnvironment.swift */ = {isa = PBXFileReference; lastKnownFileType = sourcecode.swift; path = LocalEnvironment.swift; sourceTree = "<group>"; };
		442FED2DB9470D1953B21DAC /* TokenErrorResponse.swift */ = {isa = PBXFileReference; lastKnownFileType = sourcecode.swift; path = TokenErrorResponse.swift; sourceTree = "<group>"; };
		45558B930ECB5116525F2DBC /* GeoLocationResponseTests.swift */ = {isa = PBXFileReference; lastKnownFileType = sourcecode.swift; path = GeoLocationResponseTests.swift; sourceTree = "<group>"; };
		47F075BA544604A5F83422E5 /* GeoLocationResponse.swift */ = {isa = PBXFileReference; lastKnownFileType = sourcecode.swift; path = GeoLocationResponse.swift; sourceTree = "<group>"; };
		485B4FF3702CEB1110DF7E27 /* AppDelegate.swift */ = {isa = PBXFileReference; lastKnownFileType = sourcecode.swift; path = AppDelegate.swift; sourceTree = "<group>"; };
		48632B186C2DFA239B6B15CC /* ItemDetailResponse.swift */ = {isa = PBXFileReference; lastKnownFileType = sourcecode.swift; path = ItemDetailResponse.swift; sourceTree = "<group>"; };
		492EBDD9B836C0320E345B51 /* EstimateResponse.swift */ = {isa = PBXFileReference; lastKnownFileType = sourcecode.swift; path = EstimateResponse.swift; sourceTree = "<group>"; };
		49357D8B9E656E6647DBAB59 /* KeychainError.swift */ = {isa = PBXFileReference; lastKnownFileType = sourcecode.swift; path = KeychainError.swift; sourceTree = "<group>"; };
		499D328B64B754FE65D3BAEE /* StringExtensions.swift */ = {isa = PBXFileReference; lastKnownFileType = sourcecode.swift; path = StringExtensions.swift; sourceTree = "<group>"; };
		4B4FB54AB750D187497F8352 /* TokenResponse.swift */ = {isa = PBXFileReference; lastKnownFileType = sourcecode.swift; path = TokenResponse.swift; sourceTree = "<group>"; };
		51753DCEF784F6788751DC7A /* Corners.swift */ = {isa = PBXFileReference; lastKnownFileType = sourcecode.swift; path = Corners.swift; sourceTree = "<group>"; };
		53F9CF7B68044A0ECCCD2A8F /* RouteResponse.swift */ = {isa = PBXFileReference; lastKnownFileType = sourcecode.swift; path = RouteResponse.swift; sourceTree = "<group>"; };
		56C3F95B91F51797FC26E19F /* APIClient.swift */ = {isa = PBXFileReference; lastKnownFileType = sourcecode.swift; path = APIClient.swift; sourceTree = "<group>"; };
		591ECF1976328879D4B313AB /* Colors.xcassets */ = {isa = PBXFileReference; lastKnownFileType = folder.assetcatalog; path = Colors.xcassets; sourceTree = "<group>"; };
		5C5E89A84B734EBEEB9BD788 /* RequestFactoryError.swift */ = {isa = PBXFileReference; lastKnownFileType = sourcecode.swift; path = RequestFactoryError.swift; sourceTree = "<group>"; };
		5C8C8EBCA51B45D9A3489AAE /* Debouncer.swift */ = {isa = PBXFileReference; lastKnownFileType = sourcecode.swift; path = Debouncer.swift; sourceTree = "<group>"; };
		5D382A9340853F2485993B77 /* JSONDecoderExtensions.swift */ = {isa = PBXFileReference; lastKnownFileType = sourcecode.swift; path = JSONDecoderExtensions.swift; sourceTree = "<group>"; };
		61271A4A4596FF1C41B068D8 /* Spacing.swift */ = {isa = PBXFileReference; lastKnownFileType = sourcecode.swift; path = Spacing.swift; sourceTree = "<group>"; };
		61581B42180859BD3ED39C9F /* ResponseType.swift */ = {isa = PBXFileReference; lastKnownFileType = sourcecode.swift; path = ResponseType.swift; sourceTree = "<group>"; };
		623B5633E582ADD3C0552761 /* DriverResponse.swift */ = {isa = PBXFileReference; lastKnownFileType = sourcecode.swift; path = DriverResponse.swift; sourceTree = "<group>"; };
		64005376E0790BA574B328F3 /* HTTPParameter.swift */ = {isa = PBXFileReference; lastKnownFileType = sourcecode.swift; path = HTTPParameter.swift; sourceTree = "<group>"; };
		64FC21AF306DC1915BB319E3 /* APIRequest.swift */ = {isa = PBXFileReference; lastKnownFileType = sourcecode.swift; path = APIRequest.swift; sourceTree = "<group>"; };
		6571FDC0400EF709D3BD8679 /* ItemDescriptionRequest.swift */ = {isa = PBXFileReference; lastKnownFileType = sourcecode.swift; path = ItemDescriptionRequest.swift; sourceTree = "<group>"; };
		6D0A348F43635B7CFA8F374F /* FeedbackViewController.swift */ = {isa = PBXFileReference; lastKnownFileType = sourcecode.swift; path = FeedbackViewController.swift; sourceTree = "<group>"; };
		6DF65B5C02660A4327D6B307 /* ShadowElevation.swift */ = {isa = PBXFileReference; lastKnownFileType = sourcecode.swift; path = ShadowElevation.swift; sourceTree = "<group>"; };
		6EEBF5B9A4916C273E7C566A /* ListViewModel.swift */ = {isa = PBXFileReference; lastKnownFileType = sourcecode.swift; path = ListViewModel.swift; sourceTree = "<group>"; };
		77719B5587613442198C4E85 /* Colors.swift */ = {isa = PBXFileReference; lastKnownFileType = sourcecode.swift; path = Colors.swift; sourceTree = "<group>"; };
		7F9B934BB9C6DD527009B590 /* ScrollableToTop.swift */ = {isa = PBXFileReference; lastKnownFileType = sourcecode.swift; path = ScrollableToTop.swift; sourceTree = "<group>"; };
		8141803E2963D8945E769A7A /* RidesResponse.swift */ = {isa = PBXFileReference; lastKnownFileType = sourcecode.swift; path = RidesResponse.swift; sourceTree = "<group>"; };
		8805FF699E3C46C32C445985 /* ErrorCode.swift */ = {isa = PBXFileReference; lastKnownFileType = sourcecode.swift; path = ErrorCode.swift; sourceTree = "<group>"; };
		8A703BAEE254F10A2F7F8A6D /* ListView.swift */ = {isa = PBXFileReference; lastKnownFileType = sourcecode.swift; path = ListView.swift; sourceTree = "<group>"; };
		8B2A4AB4274824CF2FDCC2D0 /* URLRequestExtension.swift */ = {isa = PBXFileReference; lastKnownFileType = sourcecode.swift; path = URLRequestExtension.swift; sourceTree = "<group>"; };
		8BDBE0BC5E774C0710938FA2 /* UICollectionViewExtensions.swift */ = {isa = PBXFileReference; lastKnownFileType = sourcecode.swift; path = UICollectionViewExtensions.swift; sourceTree = "<group>"; };
		8FEB3E31E7A8CA807DBA1EF1 /* SearchView.swift */ = {isa = PBXFileReference; lastKnownFileType = sourcecode.swift; path = SearchView.swift; sourceTree = "<group>"; };
		91190E1437B936F4365A5CDA /* URLQueryItemEncoder.swift */ = {isa = PBXFileReference; lastKnownFileType = sourcecode.swift; path = URLQueryItemEncoder.swift; sourceTree = "<group>"; };
		914F1D2A48953C4063491A73 /* BundleExtensions.swift */ = {isa = PBXFileReference; lastKnownFileType = sourcecode.swift; path = BundleExtensions.swift; sourceTree = "<group>"; };
		9617635B7C0BBC64E73A840F /* SplashViewController.swift */ = {isa = PBXFileReference; lastKnownFileType = sourcecode.swift; path = SplashViewController.swift; sourceTree = "<group>"; };
		97575309B26DD0FF89C0E81D /* Typography.swift */ = {isa = PBXFileReference; lastKnownFileType = sourcecode.swift; path = Typography.swift; sourceTree = "<group>"; };
		9858DB55CFB8CAC0EABFB8C6 /* Logger.swift */ = {isa = PBXFileReference; lastKnownFileType = sourcecode.swift; path = Logger.swift; sourceTree = "<group>"; };
		9902F8BE55853AD5046D4464 /* Loadable.swift */ = {isa = PBXFileReference; lastKnownFileType = sourcecode.swift; path = Loadable.swift; sourceTree = "<group>"; };
		9912D9A84E4C02A5FB3A3B4F /* Sizes.swift */ = {isa = PBXFileReference; lastKnownFileType = sourcecode.swift; path = Sizes.swift; sourceTree = "<group>"; };
		993FABBF98DE2FC052C7668B /* ResponseParser.swift */ = {isa = PBXFileReference; lastKnownFileType = sourcecode.swift; path = ResponseParser.swift; sourceTree = "<group>"; };
		99E6143CEAF2ED4D8C2BDE9F /* DetailViewDisplayModel.swift */ = {isa = PBXFileReference; lastKnownFileType = sourcecode.swift; path = DetailViewDisplayModel.swift; sourceTree = "<group>"; };
		9C11651022BA3F8D6FE24345 /* Info.plist */ = {isa = PBXFileReference; lastKnownFileType = text.plist; path = Info.plist; sourceTree = "<group>"; };
		A26B404FD80E87B325C7D388 /* DoubleExtensions.swift */ = {isa = PBXFileReference; lastKnownFileType = sourcecode.swift; path = DoubleExtensions.swift; sourceTree = "<group>"; };
		A4A94E4BF0D0CF0E7406FFB2 /* Local.xcconfig */ = {isa = PBXFileReference; lastKnownFileType = text.xcconfig; path = Local.xcconfig; sourceTree = "<group>"; };
		A93B118FE870153B3CD28CDE /* UIImageViewExtensions.swift */ = {isa = PBXFileReference; lastKnownFileType = sourcecode.swift; path = UIImageViewExtensions.swift; sourceTree = "<group>"; };
		A946539FA76CB63AF32272C4 /* DetailViewController.swift */ = {isa = PBXFileReference; lastKnownFileType = sourcecode.swift; path = DetailViewController.swift; sourceTree = "<group>"; };
		AD72392D72F96BD9FA817F74 /* FeedbackViewDisplayModel.swift */ = {isa = PBXFileReference; lastKnownFileType = sourcecode.swift; path = FeedbackViewDisplayModel.swift; sourceTree = "<group>"; };
		AD947AD2D8429018F0B3B578 /* LoginViewController.swift */ = {isa = PBXFileReference; lastKnownFileType = sourcecode.swift; path = LoginViewController.swift; sourceTree = "<group>"; };
		AE62680E2FC5063E5534A7FD /* LoginViewModel.swift */ = {isa = PBXFileReference; lastKnownFileType = sourcecode.swift; path = LoginViewModel.swift; sourceTree = "<group>"; };
		AF573474352BD1A84FE99E41 /* SearchViewModel.swift */ = {isa = PBXFileReference; lastKnownFileType = sourcecode.swift; path = SearchViewModel.swift; sourceTree = "<group>"; };
		B0DFD820387B7DBA6E5A9654 /* DetailView.swift */ = {isa = PBXFileReference; lastKnownFileType = sourcecode.swift; path = DetailView.swift; sourceTree = "<group>"; };
		B14DEF93B18260E13C086046 /* UIFontExtensions.swift */ = {isa = PBXFileReference; lastKnownFileType = sourcecode.swift; path = UIFontExtensions.swift; sourceTree = "<group>"; };
		B4C8228A5302E2D19F4E3398 /* RequestFactory.swift */ = {isa = PBXFileReference; lastKnownFileType = sourcecode.swift; path = RequestFactory.swift; sourceTree = "<group>"; };
		B52BB2C5C86494A295BD12C0 /* APIError.swift */ = {isa = PBXFileReference; lastKnownFileType = sourcecode.swift; path = APIError.swift; sourceTree = "<group>"; };
		B66430E46B9865FA78EC1EE6 /* FeedbackView.swift */ = {isa = PBXFileReference; lastKnownFileType = sourcecode.swift; path = FeedbackView.swift; sourceTree = "<group>"; };
		BB44E2A6AC3C9A6B682143CA /* StringExtensionTests.swift */ = {isa = PBXFileReference; lastKnownFileType = sourcecode.swift; path = StringExtensionTests.swift; sourceTree = "<group>"; };
		BEFF5365ABA0BCF78E0FFBA9 /* ItemsRequest.json */ = {isa = PBXFileReference; lastKnownFileType = text.json; path = ItemsRequest.json; sourceTree = "<group>"; };
		C2329FC97F4186A093519894 /* challengeTests.xctest */ = {isa = PBXFileReference; includeInIndex = 0; lastKnownFileType = wrapper.cfbundle; path = challengeTests.xctest; sourceTree = BUILT_PRODUCTS_DIR; };
		C4FB4B78140CC41AD2B541E1 /* APIClientProtocol.swift */ = {isa = PBXFileReference; lastKnownFileType = sourcecode.swift; path = APIClientProtocol.swift; sourceTree = "<group>"; };
		C605EB414F6AEF9A023F8E92 /* APIEnvironmentType.swift */ = {isa = PBXFileReference; lastKnownFileType = sourcecode.swift; path = APIEnvironmentType.swift; sourceTree = "<group>"; };
		C7DB1071371929ABD9C3FADF /* APISerialization.swift */ = {isa = PBXFileReference; lastKnownFileType = sourcecode.swift; path = APISerialization.swift; sourceTree = "<group>"; };
		C9A427079E41C8BC141EDD72 /* Base */ = {isa = PBXFileReference; lastKnownFileType = file.storyboard; name = Base; path = Base.lproj/LaunchScreen.storyboard; sourceTree = "<group>"; };
		CB7D66C3CF2A361EC23AA0C4 /* ListViewController.swift */ = {isa = PBXFileReference; lastKnownFileType = sourcecode.swift; path = ListViewController.swift; sourceTree = "<group>"; };
		CCF91CD7320586F394789647 /* ViewCoding.swift */ = {isa = PBXFileReference; lastKnownFileType = sourcecode.swift; path = ViewCoding.swift; sourceTree = "<group>"; };
		CDBE801742AEE2AF79ABD88B /* Info.plist */ = {isa = PBXFileReference; lastKnownFileType = text.plist; path = Info.plist; sourceTree = "<group>"; };
		D23741F8ACDEAFF8A36B6A8E /* DetailViewModel.swift */ = {isa = PBXFileReference; lastKnownFileType = sourcecode.swift; path = DetailViewModel.swift; sourceTree = "<group>"; };
		D309EB909B2608F4E3B7DBB6 /* ProductionEnvironment.swift */ = {isa = PBXFileReference; lastKnownFileType = sourcecode.swift; path = ProductionEnvironment.swift; sourceTree = "<group>"; };
		D3BEEBCE825B91CBE6AE88C5 /* EnvironmentFactory.swift */ = {isa = PBXFileReference; lastKnownFileType = sourcecode.swift; path = EnvironmentFactory.swift; sourceTree = "<group>"; };
		D3F70AD938E2C3A3A1613BBC /* TokenRequest.swift */ = {isa = PBXFileReference; lastKnownFileType = sourcecode.swift; path = TokenRequest.swift; sourceTree = "<group>"; };
		D49D281A92D7D007C562BF65 /* Production.xcconfig */ = {isa = PBXFileReference; lastKnownFileType = text.xcconfig; path = Production.xcconfig; sourceTree = "<group>"; };
		D78CE520D782E078DC9DD2AC /* Navigable.swift */ = {isa = PBXFileReference; lastKnownFileType = sourcecode.swift; path = Navigable.swift; sourceTree = "<group>"; };
		D935CCA3A07AD373391EDA18 /* ListFlowLayout.swift */ = {isa = PBXFileReference; lastKnownFileType = sourcecode.swift; path = ListFlowLayout.swift; sourceTree = "<group>"; };
		DA2F7CEA4A54E036F90A1E9C /* TokenRequest.json */ = {isa = PBXFileReference; lastKnownFileType = text.json; path = TokenRequest.json; sourceTree = "<group>"; };
		DC3937BB5EB77237761006E2 /* Localizable.strings */ = {isa = PBXFileReference; lastKnownFileType = text.plist.strings; path = Localizable.strings; sourceTree = "<group>"; };
		DEC1492BA5458DA681D0C660 /* TokenManager.swift */ = {isa = PBXFileReference; lastKnownFileType = sourcecode.swift; path = TokenManager.swift; sourceTree = "<group>"; };
		E503663EE287405D447343B5 /* DetailFlowLayout.swift */ = {isa = PBXFileReference; lastKnownFileType = sourcecode.swift; path = DetailFlowLayout.swift; sourceTree = "<group>"; };
		ECC803B430B85475D9F6C974 /* UIViewExtensions.swift */ = {isa = PBXFileReference; lastKnownFileType = sourcecode.swift; path = UIViewExtensions.swift; sourceTree = "<group>"; };
		EE84748DA35613AC107F74FB /* Environment.swift */ = {isa = PBXFileReference; lastKnownFileType = sourcecode.swift; path = Environment.swift; sourceTree = "<group>"; };
		EF53D249AD58881FEC20B9D0 /* ListCollectionViewCell.swift */ = {isa = PBXFileReference; lastKnownFileType = sourcecode.swift; path = ListCollectionViewCell.swift; sourceTree = "<group>"; };
		F15641A67B82A70ABE89BA3B /* RefreshTokenRequest.swift */ = {isa = PBXFileReference; lastKnownFileType = sourcecode.swift; path = RefreshTokenRequest.swift; sourceTree = "<group>"; };
		F48FE958AD15F43C7A181BAB /* Assets.xcassets */ = {isa = PBXFileReference; lastKnownFileType = folder.assetcatalog; path = Assets.xcassets; sourceTree = "<group>"; };
		F49D452DFA52C8C599C5E9B9 /* UIEdgeInsetsExtensions.swift */ = {isa = PBXFileReference; lastKnownFileType = sourcecode.swift; path = UIEdgeInsetsExtensions.swift; sourceTree = "<group>"; };
		F55BFB99F1A8A51B99A6B77C /* LoginView.swift */ = {isa = PBXFileReference; lastKnownFileType = sourcecode.swift; path = LoginView.swift; sourceTree = "<group>"; };
		F607D596A5CBE45F1576900B /* SearchResponse.swift */ = {isa = PBXFileReference; lastKnownFileType = sourcecode.swift; path = SearchResponse.swift; sourceTree = "<group>"; };
		FA6CDEBDFB2F083FD881FDBB /* ErrorProtocol.swift */ = {isa = PBXFileReference; lastKnownFileType = sourcecode.swift; path = ErrorProtocol.swift; sourceTree = "<group>"; };
		FCFE535713503AA975F166C8 /* ItemDescriptionRequest.json */ = {isa = PBXFileReference; lastKnownFileType = text.json; path = ItemDescriptionRequest.json; sourceTree = "<group>"; };
		FDEF83D356788DBC300DF093 /* APIHTTPMethod.swift */ = {isa = PBXFileReference; lastKnownFileType = sourcecode.swift; path = APIHTTPMethod.swift; sourceTree = "<group>"; };
		FE0C6E9446069D6110E6C7CD /* APIRequestExtensions.swift */ = {isa = PBXFileReference; lastKnownFileType = sourcecode.swift; path = APIRequestExtensions.swift; sourceTree = "<group>"; };
		FE6BADDC7C28A9E361C7FF03 /* PaginationManagerTests.swift */ = {isa = PBXFileReference; lastKnownFileType = sourcecode.swift; path = PaginationManagerTests.swift; sourceTree = "<group>"; };
/* End PBXFileReference section */

/* Begin PBXGroup section */
		0EE0BDE65FC351B990D3FABA /* Core */ = {
			isa = PBXGroup;
			children = (
				3C167CC35275FA109CB4971D /* AppConfiguration.swift */,
				5C8C8EBCA51B45D9A3489AAE /* Debouncer.swift */,
				31BEBC3F0D76803146682614 /* DependencyContainer.swift */,
				00570A59BFFA524F51DCF88A /* ImageCache.swift */,
				9858DB55CFB8CAC0EABFB8C6 /* Logger.swift */,
				D78CE520D782E078DC9DD2AC /* Navigable.swift */,
				17222FC02D5FA03BFD5BFB9C /* OperationManager.swift */,
				2E6C780FF985CC10231C3744 /* ReusableView.swift */,
				CCF91CD7320586F394789647 /* ViewCoding.swift */,
				3C54DED2B822F192239BB29A /* Environment */,
				22C5C3D3C1451DDB71591C83 /* Protocols */,
				A2C131D7957699E36E055E2F /* Storage */,
			);
			path = Core;
			sourceTree = "<group>";
		};
		106BCF48FA8FF67DC43E0C7A /* Tokens */ = {
			isa = PBXGroup;
			children = (
				77719B5587613442198C4E85 /* Colors.swift */,
				51753DCEF784F6788751DC7A /* Corners.swift */,
				3707413BD40C517964D25E87 /* Scale.swift */,
				6DF65B5C02660A4327D6B307 /* ShadowElevation.swift */,
				9912D9A84E4C02A5FB3A3B4F /* Sizes.swift */,
				61271A4A4596FF1C41B068D8 /* Spacing.swift */,
				97575309B26DD0FF89C0E81D /* Typography.swift */,
			);
			path = Tokens;
			sourceTree = "<group>";
		};
		1ABAC2973195F50E6552033F /* Sources */ = {
			isa = PBXGroup;
			children = (
				485B4FF3702CEB1110DF7E27 /* AppDelegate.swift */,
				B815E93B493728F93810E57D /* Components */,
				0EE0BDE65FC351B990D3FABA /* Core */,
				5BF1D1E18D4E78CCCFAF0B04 /* DesignSystem */,
				26614994FBAD0AAD669AB8BD /* Extensions */,
				C1F25FE5AD156A270660CFD4 /* Modules */,
				80AE85378137F1AEC6C20C47 /* Network */,
			);
			path = Sources;
			sourceTree = "<group>";
		};
		1CF8F8F2C3772AF692174C2B /* Mocks */ = {
			isa = PBXGroup;
			children = (
				FCFE535713503AA975F166C8 /* ItemDescriptionRequest.json */,
				BEFF5365ABA0BCF78E0FFBA9 /* ItemsRequest.json */,
				093733000594E8DB139BD0C4 /* RefreshTokenRequest.json */,
				3EB042093BE3A27F095EBD07 /* SearchRequest.json */,
				DA2F7CEA4A54E036F90A1E9C /* TokenRequest.json */,
			);
			path = Mocks;
			sourceTree = "<group>";
		};
		1ED0EBDF5011AADB8B759D38 /* Enums */ = {
			isa = PBXGroup;
			children = (
				C605EB414F6AEF9A023F8E92 /* APIEnvironmentType.swift */,
				FDEF83D356788DBC300DF093 /* APIHTTPMethod.swift */,
				C7DB1071371929ABD9C3FADF /* APISerialization.swift */,
				64005376E0790BA574B328F3 /* HTTPParameter.swift */,
				91190E1437B936F4365A5CDA /* URLQueryItemEncoder.swift */,
			);
			path = Enums;
			sourceTree = "<group>";
		};
		1F424A29867D6B55C87AF03F /* Response */ = {
			isa = PBXGroup;
			children = (
				48632B186C2DFA239B6B15CC /* ItemDetailResponse.swift */,
				22CF509E6AD9C8CF4C477F98 /* ItemResponse.swift */,
				F607D596A5CBE45F1576900B /* SearchResponse.swift */,
				4B4FB54AB750D187497F8352 /* TokenResponse.swift */,
				DF6405C76311E9794173B54F /* Errors */,
			);
			path = Response;
			sourceTree = "<group>";
		};
		22C5C3D3C1451DDB71591C83 /* Protocols */ = {
			isa = PBXGroup;
			children = (
				9902F8BE55853AD5046D4464 /* Loadable.swift */,
				7F9B934BB9C6DD527009B590 /* ScrollableToTop.swift */,
			);
			path = Protocols;
			sourceTree = "<group>";
		};
		22D395A8F8ED339CBA1B0BDA /* Models */ = {
			isa = PBXGroup;
			children = (
				41EBCA06E271CEDC4A7B9027 /* Requests */,
				1F424A29867D6B55C87AF03F /* Response */,
			);
			path = Models;
			sourceTree = "<group>";
		};
		2327A0540315EE138FA181D8 /* List */ = {
			isa = PBXGroup;
			children = (
				FE6BADDC7C28A9E361C7FF03 /* PaginationManagerTests.swift */,
			);
			path = List;
			sourceTree = "<group>";
		};
		241DF47CBF1420D1D331ABD3 /* Resources */ = {
			isa = PBXGroup;
			children = (
				F48FE958AD15F43C7A181BAB /* Assets.xcassets */,
				591ECF1976328879D4B313AB /* Colors.xcassets */,
				9C11651022BA3F8D6FE24345 /* Info.plist */,
				2558007B90AEDA8694F9159A /* LaunchScreen.storyboard */,
				DC3937BB5EB77237761006E2 /* Localizable.strings */,
				F6E488B0C6819931C22F3879 /* Generated */,
				1CF8F8F2C3772AF692174C2B /* Mocks */,
			);
			path = Resources;
			sourceTree = "<group>";
		};
		26614994FBAD0AAD669AB8BD /* Extensions */ = {
			isa = PBXGroup;
			children = (
				A26B404FD80E87B325C7D388 /* DoubleExtensions.swift */,
				499D328B64B754FE65D3BAEE /* StringExtensions.swift */,
				8BDBE0BC5E774C0710938FA2 /* UICollectionViewExtensions.swift */,
				F49D452DFA52C8C599C5E9B9 /* UIEdgeInsetsExtensions.swift */,
				B14DEF93B18260E13C086046 /* UIFontExtensions.swift */,
				A93B118FE870153B3CD28CDE /* UIImageViewExtensions.swift */,
				ECC803B430B85475D9F6C974 /* UIViewExtensions.swift */,
			);
			path = Extensions;
			sourceTree = "<group>";
		};
		374176976DEE7B980BE55DB7 /* challenge */ = {
			isa = PBXGroup;
			children = (
				241DF47CBF1420D1D331ABD3 /* Resources */,
				1ABAC2973195F50E6552033F /* Sources */,
			);
			path = challenge;
			sourceTree = "<group>";
		};
		3C54DED2B822F192239BB29A /* Environment */ = {
			isa = PBXGroup;
			children = (
				EE84748DA35613AC107F74FB /* Environment.swift */,
				D3BEEBCE825B91CBE6AE88C5 /* EnvironmentFactory.swift */,
				3EC402505685827D582F4A74 /* LocalEnvironment.swift */,
				D309EB909B2608F4E3B7DBB6 /* ProductionEnvironment.swift */,
			);
			path = Environment;
			sourceTree = "<group>";
		};
		3CECAEE2BE704CF9AE1ECCB5 /* Extensions */ = {
			isa = PBXGroup;
			children = (
				FE0C6E9446069D6110E6C7CD /* APIRequestExtensions.swift */,
				914F1D2A48953C4063491A73 /* BundleExtensions.swift */,
				5D382A9340853F2485993B77 /* JSONDecoderExtensions.swift */,
				8B2A4AB4274824CF2FDCC2D0 /* URLRequestExtension.swift */,
			);
			path = Extensions;
			sourceTree = "<group>";
		};
		41EBCA06E271CEDC4A7B9027 /* Requests */ = {
			isa = PBXGroup;
			children = (
				6571FDC0400EF709D3BD8679 /* ItemDescriptionRequest.swift */,
				38DF4F691FE8FD46FF1B9CBC /* ItemsRequest.swift */,
				F15641A67B82A70ABE89BA3B /* RefreshTokenRequest.swift */,
				04951C70CB0A0B7761809220 /* SearchRequest.swift */,
				D3F70AD938E2C3A3A1613BBC /* TokenRequest.swift */,
			);
			path = Requests;
			sourceTree = "<group>";
		};
		423A3505E6BEF33703CBD2EC /* Core */ = {
			isa = PBXGroup;
			children = (
				56C3F95B91F51797FC26E19F /* APIClient.swift */,
				C4FB4B78140CC41AD2B541E1 /* APIClientProtocol.swift */,
				B52BB2C5C86494A295BD12C0 /* APIError.swift */,
				64FC21AF306DC1915BB319E3 /* APIRequest.swift */,
			);
			path = Core;
			sourceTree = "<group>";
		};
		484C4A4F382EAD395D34A755 /* Components */ = {
			isa = PBXGroup;
			children = (
				32F119F55D938FC33669718E /* Buttons.swift */,
				3E8535DD04851B504DF7819D /* Labels.swift */,
				379EDA813A6D43D184DE3B09 /* TextFields.swift */,
			);
			path = Components;
			sourceTree = "<group>";
		};
		568FDB59180F06F5FA5443E4 = {
			isa = PBXGroup;
			children = (
				374176976DEE7B980BE55DB7 /* challenge */,
				83EA72DEDA6FEB9F44E31634 /* challengeTests */,
				F14F6AADFEFA702563E00369 /* Configurations */,
				660DA69B4B34DD1D930F5D97 /* Products */,
			);
			sourceTree = "<group>";
		};
		5BF1D1E18D4E78CCCFAF0B04 /* DesignSystem */ = {
			isa = PBXGroup;
			children = (
				484C4A4F382EAD395D34A755 /* Components */,
				106BCF48FA8FF67DC43E0C7A /* Tokens */,
			);
			path = DesignSystem;
			sourceTree = "<group>";
		};
		660DA69B4B34DD1D930F5D97 /* Products */ = {
			isa = PBXGroup;
			children = (
				12F63258320BA3CC9F59B93A /* challenge.app */,
				C2329FC97F4186A093519894 /* challengeTests.xctest */,
			);
			name = Products;
			sourceTree = "<group>";
		};
		6EE072B73A94E22EE1616CA5 /* FeedbackView */ = {
			isa = PBXGroup;
			children = (
				B66430E46B9865FA78EC1EE6 /* FeedbackView.swift */,
				6D0A348F43635B7CFA8F374F /* FeedbackViewController.swift */,
				AD72392D72F96BD9FA817F74 /* FeedbackViewDisplayModel.swift */,
			);
			path = FeedbackView;
			sourceTree = "<group>";
		};
		7293BB70B5853E6D0A3DFC35 /* Extras */ = {
			isa = PBXGroup;
			children = (
				1D325F64B2D7EEB52DBA6084 /* DetailCollectionViewCell.swift */,
				E503663EE287405D447343B5 /* DetailFlowLayout.swift */,
				99E6143CEAF2ED4D8C2BDE9F /* DetailViewDisplayModel.swift */,
			);
			path = Extras;
			sourceTree = "<group>";
		};
		731985923384BCF16904FB38 /* Search */ = {
			isa = PBXGroup;
			children = (
				8FEB3E31E7A8CA807DBA1EF1 /* SearchView.swift */,
				3B5F219B06BED508503FE6A1 /* SearchViewController.swift */,
				AF573474352BD1A84FE99E41 /* SearchViewModel.swift */,
			);
			path = Search;
			sourceTree = "<group>";
		};
		80AE85378137F1AEC6C20C47 /* Network */ = {
			isa = PBXGroup;
			children = (
				423A3505E6BEF33703CBD2EC /* Core */,
				1ED0EBDF5011AADB8B759D38 /* Enums */,
				3CECAEE2BE704CF9AE1ECCB5 /* Extensions */,
				B0002A893EFAE7B72640603F /* Factory */,
				22D395A8F8ED339CBA1B0BDA /* Models */,
			);
			path = Network;
			sourceTree = "<group>";
		};
		83EA72DEDA6FEB9F44E31634 /* challengeTests */ = {
			isa = PBXGroup;
			children = (
				CDBE801742AEE2AF79ABD88B /* Info.plist */,
				DD251E0FDBBCB1BC08984755 /* Commons */,
				F005109227B73A5CE1BDF8CF /* Extensions */,
				9B6CCDAEE7C264AFB22C4B75 /* Mocks */,
				D48A6B053122211D33B69E78 /* Modules */,
			);
			path = challengeTests;
			sourceTree = "<group>";
		};
		9B6CCDAEE7C264AFB22C4B75 /* Mocks */ = {
			isa = PBXGroup;
			children = (
				623B5633E582ADD3C0552761 /* DriverResponse.swift */,
				492EBDD9B836C0320E345B51 /* EstimateResponse.swift */,
				47F075BA544604A5F83422E5 /* GeoLocationResponse.swift */,
				19B27EB87D259B6C5ACA40E6 /* RideResponse.swift */,
				8141803E2963D8945E769A7A /* RidesResponse.swift */,
				53F9CF7B68044A0ECCCD2A8F /* RouteResponse.swift */,
			);
			path = Mocks;
			sourceTree = "<group>";
		};
		A05DFB005E3EC2258777AFEE /* Details */ = {
			isa = PBXGroup;
			children = (
				B0DFD820387B7DBA6E5A9654 /* DetailView.swift */,
				A946539FA76CB63AF32272C4 /* DetailViewController.swift */,
				D23741F8ACDEAFF8A36B6A8E /* DetailViewModel.swift */,
				7293BB70B5853E6D0A3DFC35 /* Extras */,
			);
			path = Details;
			sourceTree = "<group>";
		};
		A2C131D7957699E36E055E2F /* Storage */ = {
			isa = PBXGroup;
			children = (
				49357D8B9E656E6647DBAB59 /* KeychainError.swift */,
				0DA41A21DEFDBEEA27A7BFF0 /* KeychainService.swift */,
				DEC1492BA5458DA681D0C660 /* TokenManager.swift */,
			);
			path = Storage;
			sourceTree = "<group>";
		};
		ABCF135DBE311C14A5309ED4 /* List */ = {
			isa = PBXGroup;
			children = (
				8A703BAEE254F10A2F7F8A6D /* ListView.swift */,
				CB7D66C3CF2A361EC23AA0C4 /* ListViewController.swift */,
				6EEBF5B9A4916C273E7C566A /* ListViewModel.swift */,
				F7E14D1B98C2F605172E8819 /* Extras */,
			);
			path = List;
			sourceTree = "<group>";
		};
		B0002A893EFAE7B72640603F /* Factory */ = {
			isa = PBXGroup;
			children = (
				B4C8228A5302E2D19F4E3398 /* RequestFactory.swift */,
				5C5E89A84B734EBEEB9BD788 /* RequestFactoryError.swift */,
				993FABBF98DE2FC052C7668B /* ResponseParser.swift */,
				0E91407855766C218560BCA6 /* URLFactory.swift */,
			);
			path = Factory;
			sourceTree = "<group>";
		};
		B4406B9D28462CF61B1D1A75 /* Splash */ = {
			isa = PBXGroup;
			children = (
				9617635B7C0BBC64E73A840F /* SplashViewController.swift */,
			);
			path = Splash;
			sourceTree = "<group>";
		};
		B815E93B493728F93810E57D /* Components */ = {
			isa = PBXGroup;
			children = (
				6EE072B73A94E22EE1616CA5 /* FeedbackView */,
			);
			path = Components;
			sourceTree = "<group>";
		};
		C1F25FE5AD156A270660CFD4 /* Modules */ = {
			isa = PBXGroup;
			children = (
				A05DFB005E3EC2258777AFEE /* Details */,
				ABCF135DBE311C14A5309ED4 /* List */,
				CFAC7C35C60CED62E0FDA41A /* Login */,
				731985923384BCF16904FB38 /* Search */,
				B4406B9D28462CF61B1D1A75 /* Splash */,
			);
			path = Modules;
			sourceTree = "<group>";
		};
		CFAC7C35C60CED62E0FDA41A /* Login */ = {
			isa = PBXGroup;
			children = (
				F55BFB99F1A8A51B99A6B77C /* LoginView.swift */,
				AD947AD2D8429018F0B3B578 /* LoginViewController.swift */,
				AE62680E2FC5063E5534A7FD /* LoginViewModel.swift */,
			);
			path = Login;
			sourceTree = "<group>";
		};
		D48A6B053122211D33B69E78 /* Modules */ = {
			isa = PBXGroup;
			children = (
				2327A0540315EE138FA181D8 /* List */,
			);
			path = Modules;
			sourceTree = "<group>";
		};
		DD251E0FDBBCB1BC08984755 /* Commons */ = {
			isa = PBXGroup;
			children = (
				61581B42180859BD3ED39C9F /* ResponseType.swift */,
				34209B378C6E7602D8D5B73B /* WASAPIMock.swift */,
			);
			path = Commons;
			sourceTree = "<group>";
		};
		DF6405C76311E9794173B54F /* Errors */ = {
			isa = PBXGroup;
			children = (
				8805FF699E3C46C32C445985 /* ErrorCode.swift */,
				FA6CDEBDFB2F083FD881FDBB /* ErrorProtocol.swift */,
				184E62EF099718922F5F9C3A /* GenericErrorResponse.swift */,
				442FED2DB9470D1953B21DAC /* TokenErrorResponse.swift */,
			);
			path = Errors;
			sourceTree = "<group>";
		};
		F005109227B73A5CE1BDF8CF /* Extensions */ = {
			isa = PBXGroup;
			children = (
				33FCD80EB022F77824BB2B0F /* DoubleExtensionsTests.swift */,
				45558B930ECB5116525F2DBC /* GeoLocationResponseTests.swift */,
				BB44E2A6AC3C9A6B682143CA /* StringExtensionTests.swift */,
			);
			path = Extensions;
			sourceTree = "<group>";
		};
		F14F6AADFEFA702563E00369 /* Configurations */ = {
			isa = PBXGroup;
			children = (
				A4A94E4BF0D0CF0E7406FFB2 /* Local.xcconfig */,
				D49D281A92D7D007C562BF65 /* Production.xcconfig */,
			);
			path = Configurations;
			sourceTree = "<group>";
		};
		F6E488B0C6819931C22F3879 /* Generated */ = {
			isa = PBXGroup;
			children = (
				3D50F6EF7AB24F7BDD9012FB /* Strings.swift */,
			);
			path = Generated;
			sourceTree = "<group>";
		};
		F7E14D1B98C2F605172E8819 /* Extras */ = {
			isa = PBXGroup;
			children = (
				EF53D249AD58881FEC20B9D0 /* ListCollectionViewCell.swift */,
				D935CCA3A07AD373391EDA18 /* ListFlowLayout.swift */,
				0F076F21FFE783AFA364D791 /* ListItemDisplayModel.swift */,
				1A1FC4EC9F73D365FC81F6A5 /* ListPaginationManager.swift */,
			);
			path = Extras;
			sourceTree = "<group>";
		};
/* End PBXGroup section */

/* Begin PBXNativeTarget section */
		1BD18AB17563842D09796886 /* challenge */ = {
			isa = PBXNativeTarget;
			buildConfigurationList = ECEC575B496C441D66721314 /* Build configuration list for PBXNativeTarget "challenge" */;
			buildPhases = (
				68CF752D02249B0798C25160 /* Sources */,
				DF5F550158272601270908BB /* Resources */,
			);
			buildRules = (
			);
			dependencies = (
			);
			name = challenge;
			packageProductDependencies = (
			);
			productName = challenge;
			productReference = 12F63258320BA3CC9F59B93A /* challenge.app */;
			productType = "com.apple.product-type.application";
		};
		DED52B9E5B9F29D242AC2B4B /* challengeTests */ = {
			isa = PBXNativeTarget;
			buildConfigurationList = 85EB60BB5E1B24492930F216 /* Build configuration list for PBXNativeTarget "challengeTests" */;
			buildPhases = (
				B35CE10565ACCC3513DA8FCA /* Sources */,
			);
			buildRules = (
			);
			dependencies = (
				02309607BCFEF5E552F5471D /* PBXTargetDependency */,
			);
			name = challengeTests;
			packageProductDependencies = (
			);
			productName = challengeTests;
			productReference = C2329FC97F4186A093519894 /* challengeTests.xctest */;
			productType = "com.apple.product-type.bundle.unit-test";
		};
/* End PBXNativeTarget section */

/* Begin PBXProject section */
		3D3C629AA56C05E99DA73355 /* Project object */ = {
			isa = PBXProject;
			attributes = {
				BuildIndependentTargetsInParallel = YES;
				LastUpgradeCheck = 1700;
			};
			buildConfigurationList = EB3B666A28181B6E0508EEB8 /* Build configuration list for PBXProject "challenge" */;
			compatibilityVersion = "Xcode 14.0";
			developmentRegion = en;
			hasScannedForEncodings = 0;
			knownRegions = (
				Base,
				en,
			);
			mainGroup = 568FDB59180F06F5FA5443E4;
			minimizedProjectReferenceProxies = 1;
			preferredProjectObjectVersion = 77;
			projectDirPath = "";
			projectRoot = "";
			targets = (
				1BD18AB17563842D09796886 /* challenge */,
				DED52B9E5B9F29D242AC2B4B /* challengeTests */,
			);
		};
/* End PBXProject section */

/* Begin PBXResourcesBuildPhase section */
		DF5F550158272601270908BB /* Resources */ = {
			isa = PBXResourcesBuildPhase;
			buildActionMask = 2147483647;
			files = (
				22239932DF2A700D057A7ACD /* Assets.xcassets in Resources */,
				79B398CD3A42FFD7E5D04553 /* Colors.xcassets in Resources */,
				E2B90E6074ACE824C8DE36F8 /* ItemDescriptionRequest.json in Resources */,
				DC125A63977603ABDFFEAAF4 /* ItemsRequest.json in Resources */,
				CA2147660B0366BDAA1FF5AD /* LaunchScreen.storyboard in Resources */,
				B67C7B1A16DBCE3B5A43393A /* Localizable.strings in Resources */,
				2B784BD188520B1A8A4F9C96 /* RefreshTokenRequest.json in Resources */,
				A2ACC73A8D094E8C1AC03A10 /* SearchRequest.json in Resources */,
				7AAFE3E521D284368ABFC934 /* TokenRequest.json in Resources */,
			);
			runOnlyForDeploymentPostprocessing = 0;
		};
/* End PBXResourcesBuildPhase section */

/* Begin PBXSourcesBuildPhase section */
		68CF752D02249B0798C25160 /* Sources */ = {
			isa = PBXSourcesBuildPhase;
			buildActionMask = 2147483647;
			files = (
				629791500472E07079D1C158 /* APIClient.swift in Sources */,
				2F54D5D968CF5D16CF1B8AE8 /* APIClientProtocol.swift in Sources */,
				13222F9BF968555983B19631 /* APIEnvironmentType.swift in Sources */,
				5673536AF99203EB70A68316 /* APIError.swift in Sources */,
				8B5680A5404D82FB2F48938A /* APIHTTPMethod.swift in Sources */,
				9A4BF4DF3CDB0B39322C9507 /* APIRequest.swift in Sources */,
				9FA2679A31517B1CFC6C3748 /* APIRequestExtensions.swift in Sources */,
				044B8FF637539E5ACADA5020 /* APISerialization.swift in Sources */,
				C0F8DC9E9ACFA225FD81E5C2 /* AppConfiguration.swift in Sources */,
				C4C077454ABD9A4D80AACC9F /* AppDelegate.swift in Sources */,
				AA582507E2C0D7748E32D3A1 /* BundleExtensions.swift in Sources */,
				AC27A132A2F89F227B344EAD /* Buttons.swift in Sources */,
				8C50B073C101D055C8D44310 /* Colors.swift in Sources */,
				A244FE7E58CF2AAFC2FFA70B /* Corners.swift in Sources */,
				9EBDA76C253C8D0AEFBCCA4A /* Debouncer.swift in Sources */,
				91D1906C1EBAB6B5ABA1279C /* DependencyContainer.swift in Sources */,
				3A28ED93098231E3AAC0913E /* DetailCollectionViewCell.swift in Sources */,
				B17A53174C33D0C92DCF05EE /* DetailFlowLayout.swift in Sources */,
				EF5A6CB571348FF201312191 /* DetailView.swift in Sources */,
				B5E8436B705D15E791F1F926 /* DetailViewController.swift in Sources */,
				3240FB2CD615012268F18B38 /* DetailViewDisplayModel.swift in Sources */,
				CD6A1666B28B0A730FB53B36 /* DetailViewModel.swift in Sources */,
				B32220E5E3AF61450F135AE0 /* DoubleExtensions.swift in Sources */,
				B73411DAD73CF36B22CD74E5 /* Environment.swift in Sources */,
				79480AC96567B02F51A85DB8 /* EnvironmentFactory.swift in Sources */,
				EEBF7021FE90517A10A178DE /* ErrorCode.swift in Sources */,
				34C5D5FC395B28332582AA7F /* ErrorProtocol.swift in Sources */,
				63F62792CA3916AC06F07ADD /* FeedbackView.swift in Sources */,
				70834125E3DF0D8081DDE889 /* FeedbackViewController.swift in Sources */,
				928C7D8E4E61400F913967BE /* FeedbackViewDisplayModel.swift in Sources */,
				AEE3BF1074B135217C503F0D /* GenericErrorResponse.swift in Sources */,
				AB8135CA69A047D5C58CBF2D /* HTTPParameter.swift in Sources */,
				56F93C2EA33BEEF51BACE610 /* ImageCache.swift in Sources */,
				854DDE302B7DC080BE60B0B1 /* ItemDescriptionRequest.swift in Sources */,
				20516B3BE8D7C0CBCD68C857 /* ItemDetailResponse.swift in Sources */,
				363C0C6927FE110A820254F3 /* ItemResponse.swift in Sources */,
				39D2AF7B560399D047A1B2C7 /* ItemsRequest.swift in Sources */,
				5746E50532D4EEC93C51BCEE /* JSONDecoderExtensions.swift in Sources */,
				1079C154B93CA9F349EDE838 /* KeychainError.swift in Sources */,
				66ED7D35DE76D078E4A6A10C /* KeychainService.swift in Sources */,
				13ACA87293EEBB5CEA5940EA /* Labels.swift in Sources */,
				C758551BE07CC28E3DCB3BAE /* ListCollectionViewCell.swift in Sources */,
				1CD93607846541FD5EE98B5A /* ListFlowLayout.swift in Sources */,
				6D1FB5A7D926DEE2FD2CA37C /* ListItemDisplayModel.swift in Sources */,
				BCCF6865658D71E7B298B19C /* ListPaginationManager.swift in Sources */,
				CCBE7F39D5DAC25DE56E3252 /* ListView.swift in Sources */,
				A0BD767BB94FC99FD69F79D5 /* ListViewController.swift in Sources */,
				37704D65630BA446F796301E /* ListViewModel.swift in Sources */,
				71D64D391C089452E90D741B /* Loadable.swift in Sources */,
				C615CAFD7A0A0BC1D5652141 /* LocalEnvironment.swift in Sources */,
				C788311AC95868B20D2684DE /* Logger.swift in Sources */,
				2836F1D01CB649CCDACBDAC4 /* LoginView.swift in Sources */,
				94DD6BBD1836039863DD1716 /* LoginViewController.swift in Sources */,
				3DE2A30A8E0F41C7B30DEE1E /* LoginViewModel.swift in Sources */,
				704C966FCDF4CB2200B42D0D /* Navigable.swift in Sources */,
				49EF9CFD62C9FCF15D86C5A7 /* OperationManager.swift in Sources */,
				55A2A05365F5B7BE84E8748A /* ProductionEnvironment.swift in Sources */,
				14AC869858C42A99B8B533C8 /* RefreshTokenRequest.swift in Sources */,
				6D9F5516B3E59E517823E5ED /* RequestFactory.swift in Sources */,
				8C1DF0784A7FE07584FB315F /* RequestFactoryError.swift in Sources */,
				D1F0FCE505D85F9F1EA23DA2 /* ResponseParser.swift in Sources */,
				78AA198541CCC680D135478D /* ReusableView.swift in Sources */,
				CC8907EAAB16EC08598470F3 /* Scale.swift in Sources */,
				3AB3D3A8EFD667A5C525D05F /* ScrollableToTop.swift in Sources */,
				A525F838CD792F69C24C6E47 /* SearchRequest.swift in Sources */,
				B71CF4AEB72C9456AECB445F /* SearchResponse.swift in Sources */,
				D318F7EEA6E5593D0CBF0D26 /* SearchView.swift in Sources */,
				B7583B5B0A1E6175ADE2707A /* SearchViewController.swift in Sources */,
				695893E962FC91757117A395 /* SearchViewModel.swift in Sources */,
				3A438BE67CB2224FCD648E5E /* ShadowElevation.swift in Sources */,
				FFF9F1E290E47F95E95763A3 /* Sizes.swift in Sources */,
				51D3CEE3EC4E441A1C646394 /* Spacing.swift in Sources */,
				77741866ADE9A91D9A2DE5C7 /* SplashViewController.swift in Sources */,
				4F89C6EBBCD165C37B82DC00 /* StringExtensions.swift in Sources */,
				4A52520C386A3FE4AFE6D4D9 /* Strings.swift in Sources */,
				8053FE0C000FCBA348C24BBC /* TextFields.swift in Sources */,
				B33D41C152BFC5DF1D9A5536 /* TokenErrorResponse.swift in Sources */,
				CEDD51E4184506E8C215CBDD /* TokenManager.swift in Sources */,
				35B59A9CCBCD82D678696772 /* TokenRequest.swift in Sources */,
				68056D91CBBB30EC9004C5A2 /* TokenResponse.swift in Sources */,
				27A148464A4EC89E21B5E6AD /* Typography.swift in Sources */,
				211398F4F8506D0A5D3906BE /* UICollectionViewExtensions.swift in Sources */,
				6BD574DBA889607E4F531258 /* UIEdgeInsetsExtensions.swift in Sources */,
				8154A7CF349AB0CDC1543640 /* UIFontExtensions.swift in Sources */,
				8DAED5F8E4CFB07A9368B48D /* UIImageViewExtensions.swift in Sources */,
				BDEDD1EF2479B33986D3D5DA /* UIViewExtensions.swift in Sources */,
				B83AEE0929857C4BB1AAFD2F /* URLFactory.swift in Sources */,
				5C408598119A8EACF2179B17 /* URLQueryItemEncoder.swift in Sources */,
				57125D63FE37DE836A12878D /* URLRequestExtension.swift in Sources */,
				B1D96CA308958DB89FCE450E /* ViewCoding.swift in Sources */,
			);
			runOnlyForDeploymentPostprocessing = 0;
		};
		B35CE10565ACCC3513DA8FCA /* Sources */ = {
			isa = PBXSourcesBuildPhase;
			buildActionMask = 2147483647;
			files = (
				114187CAA18947CCB3DB444B /* DoubleExtensionsTests.swift in Sources */,
				A1FCA1D154C90FF332B7264A /* DriverResponse.swift in Sources */,
				CF9A95DAB23B3710003E25B3 /* EstimateResponse.swift in Sources */,
				E08B9AFFC199877718A690AB /* GeoLocationResponse.swift in Sources */,
				B047D5DF824AA7863B564DA7 /* GeoLocationResponseTests.swift in Sources */,
				0F27D45DD018F705C514307A /* PaginationManagerTests.swift in Sources */,
				717DCBCE964DB7506C3242D3 /* ResponseType.swift in Sources */,
				533F5C37687E83A45FEB0093 /* RideResponse.swift in Sources */,
				DDDAD226675F3DDD5FCAAD38 /* RidesResponse.swift in Sources */,
				10BA3067C726A53F2A89E98E /* RouteResponse.swift in Sources */,
				4522F4A0B293CADC3E87ACB5 /* StringExtensionTests.swift in Sources */,
				7DEAEDBB98695D0F14BF93A2 /* WASAPIMock.swift in Sources */,
			);
			runOnlyForDeploymentPostprocessing = 0;
		};
/* End PBXSourcesBuildPhase section */

/* Begin PBXTargetDependency section */
		02309607BCFEF5E552F5471D /* PBXTargetDependency */ = {
			isa = PBXTargetDependency;
			target = 1BD18AB17563842D09796886 /* challenge */;
			targetProxy = C7A29AC73D88BCC6FC5AF32A /* PBXContainerItemProxy */;
		};
/* End PBXTargetDependency section */

/* Begin PBXVariantGroup section */
		2558007B90AEDA8694F9159A /* LaunchScreen.storyboard */ = {
			isa = PBXVariantGroup;
			children = (
				C9A427079E41C8BC141EDD72 /* Base */,
			);
			name = LaunchScreen.storyboard;
			sourceTree = "<group>";
		};
/* End PBXVariantGroup section */

/* Begin XCBuildConfiguration section */
		16D3B41670C2E9AF4A9C058E /* DebugLocal */ = {
			isa = XCBuildConfiguration;
			buildSettings = {
				BUNDLE_LOADER = "$(TEST_HOST)";
				INFOPLIST_FILE = challengeTests/Info.plist;
				LD_RUNPATH_SEARCH_PATHS = (
					"$(inherited)",
					"@executable_path/Frameworks",
					"@loader_path/Frameworks",
				);
				SDKROOT = iphoneos;
				TARGETED_DEVICE_FAMILY = "1,2";
				TEST_HOST = "$(BUILT_PRODUCTS_DIR)/challenge.app/challenge";
			};
			name = DebugLocal;
		};
		28AB1A052CDA67ACB1F215BA /* Release */ = {
			isa = XCBuildConfiguration;
			buildSettings = {
				BUNDLE_LOADER = "$(TEST_HOST)";
				INFOPLIST_FILE = challengeTests/Info.plist;
				LD_RUNPATH_SEARCH_PATHS = (
					"$(inherited)",
					"@executable_path/Frameworks",
					"@loader_path/Frameworks",
				);
				SDKROOT = iphoneos;
				TARGETED_DEVICE_FAMILY = "1,2";
				TEST_HOST = "$(BUILT_PRODUCTS_DIR)/challenge.app/challenge";
			};
			name = Release;
		};
		30736CDA0A82A3C5EC3931D7 /* DebugProduction */ = {
			isa = XCBuildConfiguration;
			buildSettings = {
				ASSETCATALOG_COMPILER_APPICON_NAME = AppIcon;
				INFOPLIST_FILE = challenge/Resources/Info.plist;
				LD_RUNPATH_SEARCH_PATHS = (
					"$(inherited)",
					"@executable_path/Frameworks",
				);
				SDKROOT = iphoneos;
				TARGETED_DEVICE_FAMILY = "1,2";
			};
			name = DebugProduction;
		};
		3FB76EFC525357D155E1192B /* DebugProduction */ = {
			isa = XCBuildConfiguration;
			buildSettings = {
				BUNDLE_LOADER = "$(TEST_HOST)";
				INFOPLIST_FILE = challengeTests/Info.plist;
				LD_RUNPATH_SEARCH_PATHS = (
					"$(inherited)",
					"@executable_path/Frameworks",
					"@loader_path/Frameworks",
				);
				SDKROOT = iphoneos;
				TARGETED_DEVICE_FAMILY = "1,2";
				TEST_HOST = "$(BUILT_PRODUCTS_DIR)/challenge.app/challenge";
			};
			name = DebugProduction;
		};
		610EB4116072A9DF0F7561B0 /* Release */ = {
			isa = XCBuildConfiguration;
			buildSettings = {
				ASSETCATALOG_COMPILER_APPICON_NAME = AppIcon;
				CODE_SIGN_IDENTITY = "iPhone Developer";
				INFOPLIST_FILE = challenge/Resources/Info.plist;
				IPHONEOS_DEPLOYMENT_TARGET = 17.0;
				LD_RUNPATH_SEARCH_PATHS = (
					"$(inherited)",
					"@executable_path/Frameworks",
				);
				SDKROOT = iphoneos;
				TARGETED_DEVICE_FAMILY = "1,2";
			};
			name = Release;
		};
		824E4A2F05120DB39838BB70 /* DebugLocal */ = {
			isa = XCBuildConfiguration;
			baseConfigurationReference = A4A94E4BF0D0CF0E7406FFB2 /* Local.xcconfig */;
			buildSettings = {
				ALWAYS_SEARCH_USER_PATHS = NO;
				CLANG_ANALYZER_NONNULL = YES;
				CLANG_ANALYZER_NUMBER_OBJECT_CONVERSION = YES_AGGRESSIVE;
				CLANG_CXX_LANGUAGE_STANDARD = "gnu++14";
				CLANG_CXX_LIBRARY = "libc++";
				CLANG_ENABLE_MODULES = YES;
				CLANG_ENABLE_OBJC_ARC = YES;
				CLANG_WARN_BLOCK_CAPTURE_AUTORELEASING = YES;
				CLANG_WARN_BOOL_CONVERSION = YES;
				CLANG_WARN_COMMA = YES;
				CLANG_WARN_CONSTANT_CONVERSION = YES;
				CLANG_WARN_DEPRECATED_OBJC_IMPLEMENTATIONS = YES;
				CLANG_WARN_DIRECT_OBJC_ISA_USAGE = YES_ERROR;
				CLANG_WARN_DOCUMENTATION_COMMENTS = YES;
				CLANG_WARN_EMPTY_BODY = YES;
				CLANG_WARN_ENUM_CONVERSION = YES;
				CLANG_WARN_INFINITE_RECURSION = YES;
				CLANG_WARN_INT_CONVERSION = YES;
				CLANG_WARN_NON_LITERAL_NULL_CONVERSION = YES;
				CLANG_WARN_OBJC_IMPLICIT_RETAIN_SELF = YES;
				CLANG_WARN_OBJC_LITERAL_CONVERSION = YES;
				CLANG_WARN_OBJC_ROOT_CLASS = YES_ERROR;
				CLANG_WARN_QUOTED_INCLUDE_IN_FRAMEWORK_HEADER = YES;
				CLANG_WARN_RANGE_LOOP_ANALYSIS = YES;
				CLANG_WARN_STRICT_PROTOTYPES = YES;
				CLANG_WARN_SUSPICIOUS_MOVE = YES;
				CLANG_WARN_UNGUARDED_AVAILABILITY = YES_AGGRESSIVE;
				CLANG_WARN_UNREACHABLE_CODE = YES;
				CLANG_WARN__DUPLICATE_METHOD_MATCH = YES;
				COPY_PHASE_STRIP = NO;
				DEBUG_INFORMATION_FORMAT = dwarf;
				ENABLE_STRICT_OBJC_MSGSEND = YES;
				GCC_C_LANGUAGE_STANDARD = gnu11;
				GCC_DYNAMIC_NO_PIC = NO;
				GCC_NO_COMMON_BLOCKS = YES;
				GCC_PREPROCESSOR_DEFINITIONS = (
					"$(inherited)",
					"DEBUG=1",
				);
				GCC_WARN_64_TO_32_BIT_CONVERSION = YES;
				GCC_WARN_ABOUT_RETURN_TYPE = YES_ERROR;
				GCC_WARN_UNDECLARED_SELECTOR = YES;
				GCC_WARN_UNINITIALIZED_AUTOS = YES_AGGRESSIVE;
				GCC_WARN_UNUSED_FUNCTION = YES;
				GCC_WARN_UNUSED_VARIABLE = YES;
				MTL_ENABLE_DEBUG_INFO = INCLUDE_SOURCE;
				MTL_FAST_MATH = YES;
				ONLY_ACTIVE_ARCH = YES;
				PRODUCT_NAME = "$(TARGET_NAME)";
				SDKROOT = iphoneos;
			};
			name = DebugLocal;
		};
		9FC8F5CA5C4A2402E8733D26 /* Release */ = {
			isa = XCBuildConfiguration;
			buildSettings = {
				ALWAYS_SEARCH_USER_PATHS = NO;
				CLANG_ANALYZER_NONNULL = YES;
				CLANG_ANALYZER_NUMBER_OBJECT_CONVERSION = YES_AGGRESSIVE;
				CLANG_CXX_LANGUAGE_STANDARD = "gnu++14";
				CLANG_CXX_LIBRARY = "libc++";
				CLANG_ENABLE_MODULES = YES;
				CLANG_ENABLE_OBJC_ARC = YES;
				CLANG_ENABLE_OBJC_WEAK = YES;
				CLANG_WARN_BLOCK_CAPTURE_AUTORELEASING = YES;
				CLANG_WARN_BOOL_CONVERSION = YES;
				CLANG_WARN_COMMA = YES;
				CLANG_WARN_CONSTANT_CONVERSION = YES;
				CLANG_WARN_DEPRECATED_OBJC_IMPLEMENTATIONS = YES;
				CLANG_WARN_DIRECT_OBJC_ISA_USAGE = YES_ERROR;
				CLANG_WARN_DOCUMENTATION_COMMENTS = YES;
				CLANG_WARN_EMPTY_BODY = YES;
				CLANG_WARN_ENUM_CONVERSION = YES;
				CLANG_WARN_INFINITE_RECURSION = YES;
				CLANG_WARN_INT_CONVERSION = YES;
				CLANG_WARN_NON_LITERAL_NULL_CONVERSION = YES;
				CLANG_WARN_OBJC_IMPLICIT_RETAIN_SELF = YES;
				CLANG_WARN_OBJC_LITERAL_CONVERSION = YES;
				CLANG_WARN_OBJC_ROOT_CLASS = YES_ERROR;
				CLANG_WARN_QUOTED_INCLUDE_IN_FRAMEWORK_HEADER = YES;
				CLANG_WARN_RANGE_LOOP_ANALYSIS = YES;
				CLANG_WARN_STRICT_PROTOTYPES = YES;
				CLANG_WARN_SUSPICIOUS_MOVE = YES;
				CLANG_WARN_UNGUARDED_AVAILABILITY = YES_AGGRESSIVE;
				CLANG_WARN_UNREACHABLE_CODE = YES;
				CLANG_WARN__DUPLICATE_METHOD_MATCH = YES;
				COPY_PHASE_STRIP = NO;
				DEBUG_INFORMATION_FORMAT = "dwarf-with-dsym";
				ENABLE_NS_ASSERTIONS = NO;
				ENABLE_STRICT_OBJC_MSGSEND = YES;
				GCC_C_LANGUAGE_STANDARD = gnu11;
				GCC_NO_COMMON_BLOCKS = YES;
				GCC_WARN_64_TO_32_BIT_CONVERSION = YES;
				GCC_WARN_ABOUT_RETURN_TYPE = YES_ERROR;
				GCC_WARN_UNDECLARED_SELECTOR = YES;
				GCC_WARN_UNINITIALIZED_AUTOS = YES_AGGRESSIVE;
				GCC_WARN_UNUSED_FUNCTION = YES;
				GCC_WARN_UNUSED_VARIABLE = YES;
				MTL_ENABLE_DEBUG_INFO = NO;
				MTL_FAST_MATH = YES;
				PRODUCT_NAME = "$(TARGET_NAME)";
				SDKROOT = iphoneos;
				SWIFT_COMPILATION_MODE = wholemodule;
				SWIFT_OPTIMIZATION_LEVEL = "-O";
				SWIFT_VERSION = 5.0;
			};
			name = Release;
		};
		C76661F50B470DA9127E6EC9 /* DebugLocal */ = {
			isa = XCBuildConfiguration;
			buildSettings = {
				ASSETCATALOG_COMPILER_APPICON_NAME = AppIcon;
				INFOPLIST_FILE = challenge/Resources/Info.plist;
				LD_RUNPATH_SEARCH_PATHS = (
					"$(inherited)",
					"@executable_path/Frameworks",
				);
				SDKROOT = iphoneos;
				TARGETED_DEVICE_FAMILY = "1,2";
			};
			name = DebugLocal;
		};
		FB0603438C2BB2958FE5B266 /* DebugProduction */ = {
			isa = XCBuildConfiguration;
			baseConfigurationReference = D49D281A92D7D007C562BF65 /* Production.xcconfig */;
			buildSettings = {
				ALWAYS_SEARCH_USER_PATHS = NO;
				CLANG_ANALYZER_NONNULL = YES;
				CLANG_ANALYZER_NUMBER_OBJECT_CONVERSION = YES_AGGRESSIVE;
				CLANG_CXX_LANGUAGE_STANDARD = "gnu++14";
				CLANG_CXX_LIBRARY = "libc++";
				CLANG_ENABLE_MODULES = YES;
				CLANG_ENABLE_OBJC_ARC = YES;
				CLANG_WARN_BLOCK_CAPTURE_AUTORELEASING = YES;
				CLANG_WARN_BOOL_CONVERSION = YES;
				CLANG_WARN_COMMA = YES;
				CLANG_WARN_CONSTANT_CONVERSION = YES;
				CLANG_WARN_DEPRECATED_OBJC_IMPLEMENTATIONS = YES;
				CLANG_WARN_DIRECT_OBJC_ISA_USAGE = YES_ERROR;
				CLANG_WARN_DOCUMENTATION_COMMENTS = YES;
				CLANG_WARN_EMPTY_BODY = YES;
				CLANG_WARN_ENUM_CONVERSION = YES;
				CLANG_WARN_INFINITE_RECURSION = YES;
				CLANG_WARN_INT_CONVERSION = YES;
				CLANG_WARN_NON_LITERAL_NULL_CONVERSION = YES;
				CLANG_WARN_OBJC_IMPLICIT_RETAIN_SELF = YES;
				CLANG_WARN_OBJC_LITERAL_CONVERSION = YES;
				CLANG_WARN_OBJC_ROOT_CLASS = YES_ERROR;
				CLANG_WARN_QUOTED_INCLUDE_IN_FRAMEWORK_HEADER = YES;
				CLANG_WARN_RANGE_LOOP_ANALYSIS = YES;
				CLANG_WARN_STRICT_PROTOTYPES = YES;
				CLANG_WARN_SUSPICIOUS_MOVE = YES;
				CLANG_WARN_UNGUARDED_AVAILABILITY = YES_AGGRESSIVE;
				CLANG_WARN_UNREACHABLE_CODE = YES;
				CLANG_WARN__DUPLICATE_METHOD_MATCH = YES;
				COPY_PHASE_STRIP = NO;
				DEBUG_INFORMATION_FORMAT = dwarf;
				ENABLE_STRICT_OBJC_MSGSEND = YES;
				GCC_C_LANGUAGE_STANDARD = gnu11;
				GCC_DYNAMIC_NO_PIC = NO;
				GCC_NO_COMMON_BLOCKS = YES;
				GCC_PREPROCESSOR_DEFINITIONS = (
					"$(inherited)",
					"DEBUG=1",
				);
				GCC_WARN_64_TO_32_BIT_CONVERSION = YES;
				GCC_WARN_ABOUT_RETURN_TYPE = YES_ERROR;
				GCC_WARN_UNDECLARED_SELECTOR = YES;
				GCC_WARN_UNINITIALIZED_AUTOS = YES_AGGRESSIVE;
				GCC_WARN_UNUSED_FUNCTION = YES;
				GCC_WARN_UNUSED_VARIABLE = YES;
				MTL_ENABLE_DEBUG_INFO = INCLUDE_SOURCE;
				MTL_FAST_MATH = YES;
				ONLY_ACTIVE_ARCH = YES;
				PRODUCT_NAME = "$(TARGET_NAME)";
				SDKROOT = iphoneos;
			};
			name = DebugProduction;
		};
/* End XCBuildConfiguration section */

/* Begin XCConfigurationList section */
		85EB60BB5E1B24492930F216 /* Build configuration list for PBXNativeTarget "challengeTests" */ = {
			isa = XCConfigurationList;
			buildConfigurations = (
				16D3B41670C2E9AF4A9C058E /* DebugLocal */,
				3FB76EFC525357D155E1192B /* DebugProduction */,
				28AB1A052CDA67ACB1F215BA /* Release */,
			);
			defaultConfigurationIsVisible = 0;
			defaultConfigurationName = DebugLocal;
		};
		EB3B666A28181B6E0508EEB8 /* Build configuration list for PBXProject "challenge" */ = {
			isa = XCConfigurationList;
			buildConfigurations = (
				824E4A2F05120DB39838BB70 /* DebugLocal */,
				FB0603438C2BB2958FE5B266 /* DebugProduction */,
				9FC8F5CA5C4A2402E8733D26 /* Release */,
			);
			defaultConfigurationIsVisible = 0;
			defaultConfigurationName = DebugLocal;
		};
		ECEC575B496C441D66721314 /* Build configuration list for PBXNativeTarget "challenge" */ = {
			isa = XCConfigurationList;
			buildConfigurations = (
				C76661F50B470DA9127E6EC9 /* DebugLocal */,
				30736CDA0A82A3C5EC3931D7 /* DebugProduction */,
				610EB4116072A9DF0F7561B0 /* Release */,
			);
			defaultConfigurationIsVisible = 0;
			defaultConfigurationName = DebugLocal;
		};
/* End XCConfigurationList section */
	};
	rootObject = 3D3C629AA56C05E99DA73355 /* Project object */;
}
