// !$*UTF8*$!
{
	archiveVersion = 1;
	classes = {
	};
	objectVersion = 63;
	objects = {

/* Begin PBXBuildFile section */
		0100ECA80EF5C01F16D6C5DF /* Sizes.swift in Sources */ = {isa = PBXBuildFile; fileRef = 78C10059DC9C3D6F7984BB8D /* Sizes.swift */; };
		033A27C6391F6794A042CCEE /* APIError.swift in Sources */ = {isa = PBXBuildFile; fileRef = 106AB7B1206448A964E2633A /* APIError.swift */; };
		0B333F03A98D021AE4FEF11D /* TokenResponse.swift in Sources */ = {isa = PBXBuildFile; fileRef = A2907B0269583BA191AEEDF4 /* TokenResponse.swift */; };
		0BD38494C38D96D1CF205C8E /* Labels.swift in Sources */ = {isa = PBXBuildFile; fileRef = BDC2D3486FCE7EC4009F40EA /* Labels.swift */; };
		0C410BAA2EDA7106E65F88CC /* ItemDetailResponse.swift in Sources */ = {isa = PBXBuildFile; fileRef = 48E6AA8B59FC31AEEDB6ED38 /* ItemDetailResponse.swift */; };
		0F27D45DD018F705C514307A /* PaginationManagerTests.swift in Sources */ = {isa = PBXBuildFile; fileRef = FE6BADDC7C28A9E361C7FF03 /* PaginationManagerTests.swift */; };
		10BA3067C726A53F2A89E98E /* RouteResponse.swift in Sources */ = {isa = PBXBuildFile; fileRef = 53F9CF7B68044A0ECCCD2A8F /* RouteResponse.swift */; };
		114187CAA18947CCB3DB444B /* DoubleExtensionsTests.swift in Sources */ = {isa = PBXBuildFile; fileRef = 33FCD80EB022F77824BB2B0F /* DoubleExtensionsTests.swift */; };
		11755D8DC2D7918EF29F861D /* DetailFlowLayout.swift in Sources */ = {isa = PBXBuildFile; fileRef = 782AB278D63BC38A3DEF5B86 /* DetailFlowLayout.swift */; };
		1261104E75F9345F5302EBBB /* ImageCache.swift in Sources */ = {isa = PBXBuildFile; fileRef = 8ABF83699117369E2DDEE8B7 /* ImageCache.swift */; };
		1941AAFD07D0E0BE8C768C68 /* AppDelegate.swift in Sources */ = {isa = PBXBuildFile; fileRef = 1A246ADB20CFDF70859310ED /* AppDelegate.swift */; };
		1A5D35EA880695811BAC7BD6 /* DetailCollectionViewCell.swift in Sources */ = {isa = PBXBuildFile; fileRef = 72D2E62B471B365A4C10C040 /* DetailCollectionViewCell.swift */; };
		1C9E710474278C94D5E8BAC5 /* APIClientProtocol.swift in Sources */ = {isa = PBXBuildFile; fileRef = 0E3374213C2C4D54A0DB8748 /* APIClientProtocol.swift */; };
		1D9781004C31DC4375CB7C1B /* UICollectionViewExtensions.swift in Sources */ = {isa = PBXBuildFile; fileRef = FD19AF1177307B60640163F4 /* UICollectionViewExtensions.swift */; };
		20CF3C8CEC8F70E481926C80 /* Colors.swift in Sources */ = {isa = PBXBuildFile; fileRef = ED494F0AFD61735571BB8537 /* Colors.swift */; };
		20D81FE4C76226150ACCF27C /* ShadowElevation.swift in Sources */ = {isa = PBXBuildFile; fileRef = 561C8B442E9E27ED9F757242 /* ShadowElevation.swift */; };
		224A0832C6A8AF777EAFB03A /* SearchView.swift in Sources */ = {isa = PBXBuildFile; fileRef = B8719969BDBE7822269C966D /* SearchView.swift */; };
		2615426876C0ADB5A2C3B0EF /* ItemsRequest.swift in Sources */ = {isa = PBXBuildFile; fileRef = FDA227971A1FA101E28BA337 /* ItemsRequest.swift */; };
		2996E1A3089C7BFC200D0EC3 /* StringExtensions.swift in Sources */ = {isa = PBXBuildFile; fileRef = 32A3DBDBF43BEDF82071937B /* StringExtensions.swift */; };
		2B784BD188520B1A8A4F9C96 /* RefreshTokenRequest.json in Resources */ = {isa = PBXBuildFile; fileRef = 093733000594E8DB139BD0C4 /* RefreshTokenRequest.json */; };
		2CCB8E40CAFDA1F34F6FC1B9 /* ListPaginationManager.swift in Sources */ = {isa = PBXBuildFile; fileRef = BB165A75A7DC0EE65899558D /* ListPaginationManager.swift */; };
		304311272A1BDCFB7945CA4D /* ResponseParser.swift in Sources */ = {isa = PBXBuildFile; fileRef = F1AE2B1626C50FF2CCC2BAFB /* ResponseParser.swift */; };
		3405026F5B6A50B02EE8A430 /* ViewCoding.swift in Sources */ = {isa = PBXBuildFile; fileRef = B72800B8ABC0D74919B9DA23 /* ViewCoding.swift */; };
		347D1D4246A07463ED86AF97 /* ListViewModel.swift in Sources */ = {isa = PBXBuildFile; fileRef = C8CFD8F90DF9818294EBBD4F /* ListViewModel.swift */; };
		3766F6F8938709DD5C34B2CD /* ListCollectionViewCell.swift in Sources */ = {isa = PBXBuildFile; fileRef = FA30FF16F0AC7FA3DB097DE5 /* ListCollectionViewCell.swift */; };
		3BBD94C8EDC15CCEF3B6B362 /* APIClient.swift in Sources */ = {isa = PBXBuildFile; fileRef = 43596FB55898E0F3CF3D0E74 /* APIClient.swift */; };
		3C33066CEB37EE1C15D05823 /* ErrorProtocol.swift in Sources */ = {isa = PBXBuildFile; fileRef = C9B1135F11D6A0FB7467E1D6 /* ErrorProtocol.swift */; };
		435A0BF6A6BFD6C320C3D3ED /* BundleExtensions.swift in Sources */ = {isa = PBXBuildFile; fileRef = AFD74BF7EDA5887FD2A1C56C /* BundleExtensions.swift */; };
		44A53435D0910EE9C6B77030 /* HTTPParameter.swift in Sources */ = {isa = PBXBuildFile; fileRef = B083A0DBBE702DB8DE3C325C /* HTTPParameter.swift */; };
		4522F4A0B293CADC3E87ACB5 /* StringExtensionTests.swift in Sources */ = {isa = PBXBuildFile; fileRef = BB44E2A6AC3C9A6B682143CA /* StringExtensionTests.swift */; };
		465EB4676592E5FC46833FEC /* GenericErrorResponse.swift in Sources */ = {isa = PBXBuildFile; fileRef = 24842138987D4EDB565845A9 /* GenericErrorResponse.swift */; };
		48244A4A1131720A26118229 /* Localizable.xcstrings in Resources */ = {isa = PBXBuildFile; fileRef = 4F3EB577ED418E0550D206F8 /* Localizable.xcstrings */; };
		4D79ECD880EBC3C42AA790EC /* FeedbackView.swift in Sources */ = {isa = PBXBuildFile; fileRef = 5F39DF80B700D5DF59497DD6 /* FeedbackView.swift */; };
		526060D9204A83D86C752A1B /* UIFontExtensions.swift in Sources */ = {isa = PBXBuildFile; fileRef = 0DD9B43DA6C0E3AFF09A66E6 /* UIFontExtensions.swift */; };
		533F5C37687E83A45FEB0093 /* RideResponse.swift in Sources */ = {isa = PBXBuildFile; fileRef = 19B27EB87D259B6C5ACA40E6 /* RideResponse.swift */; };
		53B946A16EB612EB81792071 /* ErrorCode.swift in Sources */ = {isa = PBXBuildFile; fileRef = A87D356B8C5D44089B76E102 /* ErrorCode.swift */; };
		53C5FBDDA42886D82AE19407 /* ProductionEnvironment.swift in Sources */ = {isa = PBXBuildFile; fileRef = 6BFEA91887034A2A6A7E7A3B /* ProductionEnvironment.swift */; };
		575A13D7C3A00D6E572B5C41 /* SwiftUI.framework in Frameworks */ = {isa = PBXBuildFile; fileRef = 1EF8C6B8A48A95D7307B2D05 /* SwiftUI.framework */; };
		5BC42A9742113059CC1E3023 /* TokenRequest.swift in Sources */ = {isa = PBXBuildFile; fileRef = 3D9B95F366AEFA99C35C1F1C /* TokenRequest.swift */; };
		5CE808B875D8922D95780DDC /* ErrorViewController.swift in Sources */ = {isa = PBXBuildFile; fileRef = 94D75B784C81F03EE9CD29CB /* ErrorViewController.swift */; };
		5F59CACE610ED8555CD2BB1F /* Typography.swift in Sources */ = {isa = PBXBuildFile; fileRef = DE259BCE2D05E90B91B49216 /* Typography.swift */; };
		5F9858BC56D512CCEAC6C068 /* ListView.swift in Sources */ = {isa = PBXBuildFile; fileRef = 907B20021F8340A00BA4B703 /* ListView.swift */; };
		63E9A3BD9EF6E11E36BFE2A2 /* URLQueryItemEncoder.swift in Sources */ = {isa = PBXBuildFile; fileRef = 9E5EBE78487FE151E3200129 /* URLQueryItemEncoder.swift */; };
		642D0E7ED5735809EA45F0AB /* DependencyContainer.swift in Sources */ = {isa = PBXBuildFile; fileRef = 224F914E44A68B34BBDF4CC8 /* DependencyContainer.swift */; };
		645BF74E68F041A991F11F80 /* URLRequestExtension.swift in Sources */ = {isa = PBXBuildFile; fileRef = AD543CD6860D01897A8641E7 /* URLRequestExtension.swift */; };
		651045D6B48E904013ADFD64 /* JSONDecoderExtensions.swift in Sources */ = {isa = PBXBuildFile; fileRef = FF1BCA1F3D545022A6EA57F6 /* JSONDecoderExtensions.swift */; };
		68AA26D590D7AF4871E84579 /* LocalEnvironment.swift in Sources */ = {isa = PBXBuildFile; fileRef = 3A4E0F710809E1A7B19CEDE8 /* LocalEnvironment.swift */; };
		717DCBCE964DB7506C3242D3 /* ResponseType.swift in Sources */ = {isa = PBXBuildFile; fileRef = 61581B42180859BD3ED39C9F /* ResponseType.swift */; };
		71C452736812806D4F027650 /* DetailViewModel.swift in Sources */ = {isa = PBXBuildFile; fileRef = 19312416B9FDBB877029405A /* DetailViewModel.swift */; };
		723EB5BC28B9E1E0DA5F464D /* DetailView.swift in Sources */ = {isa = PBXBuildFile; fileRef = 3A7EFAA920B0A59F1BDE8E44 /* DetailView.swift */; };
		79B398CD3A42FFD7E5D04553 /* Colors.xcassets in Resources */ = {isa = PBXBuildFile; fileRef = 591ECF1976328879D4B313AB /* Colors.xcassets */; };
		7AAFE3E521D284368ABFC934 /* TokenRequest.json in Resources */ = {isa = PBXBuildFile; fileRef = DA2F7CEA4A54E036F90A1E9C /* TokenRequest.json */; };
		7C4E1F722182934B8704EAB4 /* APIRequestExtensions.swift in Sources */ = {isa = PBXBuildFile; fileRef = DC799B8444F0B8D28C32452D /* APIRequestExtensions.swift */; };
		7DEAEDBB98695D0F14BF93A2 /* WASAPIMock.swift in Sources */ = {isa = PBXBuildFile; fileRef = 34209B378C6E7602D8D5B73B /* WASAPIMock.swift */; };
		7FC4E9DE2CF619FFE4608805 /* APIEnvironmentType.swift in Sources */ = {isa = PBXBuildFile; fileRef = 8A5CA48FB3D56743B62122B2 /* APIEnvironmentType.swift */; };
		81852A1AECBEDC04FA42B7EE /* RefreshTokenRequest.swift in Sources */ = {isa = PBXBuildFile; fileRef = 17454C5222AED0F1FA79B003 /* RefreshTokenRequest.swift */; };
		8218FDA79A78CD0DA2A35C1A /* RequestFactory.swift in Sources */ = {isa = PBXBuildFile; fileRef = 6CACEB54CBCDD6FD7FE5688F /* RequestFactory.swift */; };
		88A0DF395094BBB3362D813C /* UIEdgeInsetsExtensions.swift in Sources */ = {isa = PBXBuildFile; fileRef = 82F305E59C84A1A5886E6BFF /* UIEdgeInsetsExtensions.swift */; };
		8DC0EB0FA6D1141EC9EAF48A /* Assets.xcassets in Resources */ = {isa = PBXBuildFile; fileRef = 426143FFD3FE63590BBF47A8 /* Assets.xcassets */; };
		93950F54CD1213BD0E6F023B /* FeedbackViewDisplayModel.swift in Sources */ = {isa = PBXBuildFile; fileRef = 6126FA03CDB027D493A5D327 /* FeedbackViewDisplayModel.swift */; };
		94E4157EC70ADEC177811373 /* ErrorView.swift in Sources */ = {isa = PBXBuildFile; fileRef = E25050C12EC1443A3F62E1F9 /* ErrorView.swift */; };
		98EBA73289AAEA18507C1580 /* LoginViewModel.swift in Sources */ = {isa = PBXBuildFile; fileRef = 7BA6B5C31F997581C9C469C6 /* LoginViewModel.swift */; };
		9A662310EB98699B52D4C8B7 /* LaunchScreen.storyboard in Resources */ = {isa = PBXBuildFile; fileRef = 243356E12739A4D68A2E238E /* LaunchScreen.storyboard */; };
		A013241A8E4AA9CA91EAAC58 /* LoginView.swift in Sources */ = {isa = PBXBuildFile; fileRef = 0B53849FEE1C243938434705 /* LoginView.swift */; };
		A1FCA1D154C90FF332B7264A /* DriverResponse.swift in Sources */ = {isa = PBXBuildFile; fileRef = 623B5633E582ADD3C0552761 /* DriverResponse.swift */; };
		A2ACC73A8D094E8C1AC03A10 /* SearchRequest.json in Resources */ = {isa = PBXBuildFile; fileRef = 3EB042093BE3A27F095EBD07 /* SearchRequest.json */; };
		A31362E09DE81CD3D27FDF9B /* SearchViewController.swift in Sources */ = {isa = PBXBuildFile; fileRef = C115037231F81A070A71A1BE /* SearchViewController.swift */; };
		A71A5DFC2EE32E1800C61A73 /* ListItemDisplayModel.swift in Sources */ = {isa = PBXBuildFile; fileRef = A71A5DFB2EE32E1800C61A73 /* ListItemDisplayModel.swift */; };
		A71A5DFE2EE330C800C61A73 /* Loadable.swift in Sources */ = {isa = PBXBuildFile; fileRef = A71A5DFD2EE330C800C61A73 /* Loadable.swift */; };
		A71A5E012EE330E400C61A73 /* ScrollableToTop.swift in Sources */ = {isa = PBXBuildFile; fileRef = A71A5E002EE330E400C61A73 /* ScrollableToTop.swift */; };
		A71A5E032EE33AD900C61A73 /* OperationManager.swift in Sources */ = {isa = PBXBuildFile; fileRef = A71A5E022EE33AD900C61A73 /* OperationManager.swift */; };
		A71A5E052EE359E900C61A73 /* DetailViewDisplayModel.swift in Sources */ = {isa = PBXBuildFile; fileRef = A71A5E042EE359E900C61A73 /* DetailViewDisplayModel.swift */; };
		A769FB7C2EE2B7DE00FD4DEC /* Debouncer.swift in Sources */ = {isa = PBXBuildFile; fileRef = A769FB7B2EE2B7DE00FD4DEC /* Debouncer.swift */; };
		A8A62BF5FC5BB3EF41AA43FC /* DoubleExtensions.swift in Sources */ = {isa = PBXBuildFile; fileRef = 0602D661FA597AD1FF770B15 /* DoubleExtensions.swift */; };
		AF176980A56330E100325F36 /* ItemResponse.swift in Sources */ = {isa = PBXBuildFile; fileRef = 625D45A208505CD8DCB97CD5 /* ItemResponse.swift */; };
		B047D5DF824AA7863B564DA7 /* GeoLocationResponseTests.swift in Sources */ = {isa = PBXBuildFile; fileRef = 45558B930ECB5116525F2DBC /* GeoLocationResponseTests.swift */; };
		B08B06FBD13A77B9DCC86516 /* SearchRequest.swift in Sources */ = {isa = PBXBuildFile; fileRef = D478CE1DB89E04BD0782A556 /* SearchRequest.swift */; };
		B346C0E71966480D43BB333A /* UIViewExtensions.swift in Sources */ = {isa = PBXBuildFile; fileRef = 6B580344F1CA5966A390547A /* UIViewExtensions.swift */; };
		B54CAB19FB69B9430A79D44A /* URLFactory.swift in Sources */ = {isa = PBXBuildFile; fileRef = 51900883712015472EFFD608 /* URLFactory.swift */; };
		B67DAC06F4728BB9C719E04A /* Corners.swift in Sources */ = {isa = PBXBuildFile; fileRef = 265514E8366262EA32F72D56 /* Corners.swift */; };
		BBA34EF651DFC90D8BCB766D /* TextFields.swift in Sources */ = {isa = PBXBuildFile; fileRef = 21900ACF77F5C832C68DE74D /* TextFields.swift */; };
		BECE1ACD3643DF50DEE18ADA /* KeychainService.swift in Sources */ = {isa = PBXBuildFile; fileRef = 3D9A61AB192B9A7F13AF76E8 /* KeychainService.swift */; };
		BF0C9D448B4E100D2B0003A4 /* Environment.swift in Sources */ = {isa = PBXBuildFile; fileRef = 384A2045B3EC72C63D5C333D /* Environment.swift */; };
		C013D5112976FEAE734D4B5E /* APIHTTPMethod.swift in Sources */ = {isa = PBXBuildFile; fileRef = D9766A900FF8E1665652803D /* APIHTTPMethod.swift */; };
		C18513E544DC68E5B364FE70 /* UIImageViewExtensions.swift in Sources */ = {isa = PBXBuildFile; fileRef = 321E68490AAB2283EFF437A3 /* UIImageViewExtensions.swift */; };
		C517B06BBD6DCB55384D6675 /* APISerialization.swift in Sources */ = {isa = PBXBuildFile; fileRef = C7730D8F181082B10ED704EB /* APISerialization.swift */; };
		C5463FB79AD3CBCB817EC804 /* SearchViewModel.swift in Sources */ = {isa = PBXBuildFile; fileRef = DBC6D14F9834A166439C4D28 /* SearchViewModel.swift */; };
		CF41C14E4C34E8D519338C00 /* RequestFactoryError.swift in Sources */ = {isa = PBXBuildFile; fileRef = 5D0E23D3A15FCA45596DF78C /* RequestFactoryError.swift */; };
		CF9A95DAB23B3710003E25B3 /* EstimateResponse.swift in Sources */ = {isa = PBXBuildFile; fileRef = 492EBDD9B836C0320E345B51 /* EstimateResponse.swift */; };
		CF9FD149A438EF9B277DE6EB /* EnvironmentFactory.swift in Sources */ = {isa = PBXBuildFile; fileRef = 5FE4524083EB68157ED4D337 /* EnvironmentFactory.swift */; };
		D0122101626C1B6AEB4E0781 /* ItemDescriptionRequest.swift in Sources */ = {isa = PBXBuildFile; fileRef = DAE0D499DE0F4BC3A833ED4E /* ItemDescriptionRequest.swift */; };
		D1571E5530945BC111C3A4F4 /* ErrorViewDisplayModel.swift in Sources */ = {isa = PBXBuildFile; fileRef = B0D0D5067027381BCAE0702C /* ErrorViewDisplayModel.swift */; };
		D18161522D8DA1D7DC7128CB /* AppConfiguration.swift in Sources */ = {isa = PBXBuildFile; fileRef = 49E0C4FE5ABA5BFDC6417FB6 /* AppConfiguration.swift */; };
		D4DA0FF62B81E85D7C2662E9 /* SplashViewController.swift in Sources */ = {isa = PBXBuildFile; fileRef = 736448492E3998DAE08A8F91 /* SplashViewController.swift */; };
		D641D6F4B5184F01EF81F9EB /* Buttons.swift in Sources */ = {isa = PBXBuildFile; fileRef = FC4A2EBCC845F3A6813CD39E /* Buttons.swift */; };
		D7DAE2396F2853E5E9F4503D /* LoginViewController.swift in Sources */ = {isa = PBXBuildFile; fileRef = A7C3226392AF2DE6DC6DB377 /* LoginViewController.swift */; };
		D8CAE2C0A56C4090EF7AE624 /* Scale.swift in Sources */ = {isa = PBXBuildFile; fileRef = 29A35411A8E84C0E5546D697 /* Scale.swift */; };
		DC125A63977603ABDFFEAAF4 /* ItemsRequest.json in Resources */ = {isa = PBXBuildFile; fileRef = BEFF5365ABA0BCF78E0FFBA9 /* ItemsRequest.json */; };
		DC81615491C03273236FF886 /* TokenManager.swift in Sources */ = {isa = PBXBuildFile; fileRef = E689A1A36BFA0EF19F28B2F2 /* TokenManager.swift */; };
		DCFE4DFF937BC192592D1CFB /* KeychainError.swift in Sources */ = {isa = PBXBuildFile; fileRef = 182992CA2AAEF9C831441F88 /* KeychainError.swift */; };
		DDDAD226675F3DDD5FCAAD38 /* RidesResponse.swift in Sources */ = {isa = PBXBuildFile; fileRef = 8141803E2963D8945E769A7A /* RidesResponse.swift */; };
		DE6D442B1072395703D1638F /* ListFlowLayout.swift in Sources */ = {isa = PBXBuildFile; fileRef = C3AFC699A8E110A4DE41DCCA /* ListFlowLayout.swift */; };
		E08B9AFFC199877718A690AB /* GeoLocationResponse.swift in Sources */ = {isa = PBXBuildFile; fileRef = 47F075BA544604A5F83422E5 /* GeoLocationResponse.swift */; };
		E10A28F029D76AB1967F3F83 /* APIRequest.swift in Sources */ = {isa = PBXBuildFile; fileRef = 7D30A4197D8FDAA98C790064 /* APIRequest.swift */; };
		E2B90E6074ACE824C8DE36F8 /* ItemDescriptionRequest.json in Resources */ = {isa = PBXBuildFile; fileRef = FCFE535713503AA975F166C8 /* ItemDescriptionRequest.json */; };
		E31911A82F852FD4C0E9C307 /* Spacing.swift in Sources */ = {isa = PBXBuildFile; fileRef = 07FF18BD913FA767D1D538A4 /* Spacing.swift */; };
		E31E2FFFEF40D5A4B675608A /* SearchResponse.swift in Sources */ = {isa = PBXBuildFile; fileRef = 8C4922C072AE9BBB260B26F9 /* SearchResponse.swift */; };
		EB734F9FB035B2F301DF952C /* SearchTextFieldDelegate.swift in Sources */ = {isa = PBXBuildFile; fileRef = AB9C98EABA3929399133485C /* SearchTextFieldDelegate.swift */; };
		F27C81B354E978DCF54D3C42 /* ListViewController.swift in Sources */ = {isa = PBXBuildFile; fileRef = AFEB7D56F889A65194A6CF16 /* ListViewController.swift */; };
		F57838C3AC37E547F8B1C44C /* DetailViewController.swift in Sources */ = {isa = PBXBuildFile; fileRef = BCD3F927C59B8780854AD190 /* DetailViewController.swift */; };
		F8D596E1BB68899084E5F66D /* TokenErrorResponse.swift in Sources */ = {isa = PBXBuildFile; fileRef = 0B905D1AB8EB9909DD0DDF00 /* TokenErrorResponse.swift */; };
		FD1CE3EAC61D2365CC4CB2E5 /* ReusableView.swift in Sources */ = {isa = PBXBuildFile; fileRef = 015E4958A7E236949FF26543 /* ReusableView.swift */; };
		FF2E44332E50E34EF959476A /* Logger.swift in Sources */ = {isa = PBXBuildFile; fileRef = CA3A1C126CB3480F834A7FB8 /* Logger.swift */; };
/* End PBXBuildFile section */

/* Begin PBXContainerItemProxy section */
		C7A29AC73D88BCC6FC5AF32A /* PBXContainerItemProxy */ = {
			isa = PBXContainerItemProxy;
			containerPortal = 3D3C629AA56C05E99DA73355 /* Project object */;
			proxyType = 1;
			remoteGlobalIDString = 1BD18AB17563842D09796886;
			remoteInfo = challenge;
		};
/* End PBXContainerItemProxy section */

/* Begin PBXFileReference section */
		015E4958A7E236949FF26543 /* ReusableView.swift */ = {isa = PBXFileReference; lastKnownFileType = sourcecode.swift; path = ReusableView.swift; sourceTree = "<group>"; };
		0602D661FA597AD1FF770B15 /* DoubleExtensions.swift */ = {isa = PBXFileReference; lastKnownFileType = sourcecode.swift; path = DoubleExtensions.swift; sourceTree = "<group>"; };
		07FF18BD913FA767D1D538A4 /* Spacing.swift */ = {isa = PBXFileReference; lastKnownFileType = sourcecode.swift; path = Spacing.swift; sourceTree = "<group>"; };
		093733000594E8DB139BD0C4 /* RefreshTokenRequest.json */ = {isa = PBXFileReference; lastKnownFileType = text.json; path = RefreshTokenRequest.json; sourceTree = "<group>"; };
		0B53849FEE1C243938434705 /* LoginView.swift */ = {isa = PBXFileReference; lastKnownFileType = sourcecode.swift; path = LoginView.swift; sourceTree = "<group>"; };
		0B905D1AB8EB9909DD0DDF00 /* TokenErrorResponse.swift */ = {isa = PBXFileReference; lastKnownFileType = sourcecode.swift; path = TokenErrorResponse.swift; sourceTree = "<group>"; };
		0DD9B43DA6C0E3AFF09A66E6 /* UIFontExtensions.swift */ = {isa = PBXFileReference; lastKnownFileType = sourcecode.swift; path = UIFontExtensions.swift; sourceTree = "<group>"; };
		0E3374213C2C4D54A0DB8748 /* APIClientProtocol.swift */ = {isa = PBXFileReference; lastKnownFileType = sourcecode.swift; path = APIClientProtocol.swift; sourceTree = "<group>"; };
		106AB7B1206448A964E2633A /* APIError.swift */ = {isa = PBXFileReference; lastKnownFileType = sourcecode.swift; path = APIError.swift; sourceTree = "<group>"; };
		12F63258320BA3CC9F59B93A /* challenge.app */ = {isa = PBXFileReference; explicitFileType = wrapper.application; includeInIndex = 0; path = challenge.app; sourceTree = BUILT_PRODUCTS_DIR; };
		17454C5222AED0F1FA79B003 /* RefreshTokenRequest.swift */ = {isa = PBXFileReference; lastKnownFileType = sourcecode.swift; path = RefreshTokenRequest.swift; sourceTree = "<group>"; };
		182992CA2AAEF9C831441F88 /* KeychainError.swift */ = {isa = PBXFileReference; lastKnownFileType = sourcecode.swift; path = KeychainError.swift; sourceTree = "<group>"; };
		19312416B9FDBB877029405A /* DetailViewModel.swift */ = {isa = PBXFileReference; lastKnownFileType = sourcecode.swift; path = DetailViewModel.swift; sourceTree = "<group>"; };
		19B27EB87D259B6C5ACA40E6 /* RideResponse.swift */ = {isa = PBXFileReference; lastKnownFileType = sourcecode.swift; path = RideResponse.swift; sourceTree = "<group>"; };
		1A246ADB20CFDF70859310ED /* AppDelegate.swift */ = {isa = PBXFileReference; lastKnownFileType = sourcecode.swift; path = AppDelegate.swift; sourceTree = "<group>"; };
		1EF8C6B8A48A95D7307B2D05 /* SwiftUI.framework */ = {isa = PBXFileReference; lastKnownFileType = wrapper.framework; name = SwiftUI.framework; path = System/Library/Frameworks/SwiftUI.framework; sourceTree = SDKROOT; };
		21900ACF77F5C832C68DE74D /* TextFields.swift */ = {isa = PBXFileReference; lastKnownFileType = sourcecode.swift; path = TextFields.swift; sourceTree = "<group>"; };
		224F914E44A68B34BBDF4CC8 /* DependencyContainer.swift */ = {isa = PBXFileReference; lastKnownFileType = sourcecode.swift; path = DependencyContainer.swift; sourceTree = "<group>"; };
		24842138987D4EDB565845A9 /* GenericErrorResponse.swift */ = {isa = PBXFileReference; lastKnownFileType = sourcecode.swift; path = GenericErrorResponse.swift; sourceTree = "<group>"; };
		265514E8366262EA32F72D56 /* Corners.swift */ = {isa = PBXFileReference; lastKnownFileType = sourcecode.swift; path = Corners.swift; sourceTree = "<group>"; };
		29A35411A8E84C0E5546D697 /* Scale.swift */ = {isa = PBXFileReference; lastKnownFileType = sourcecode.swift; path = Scale.swift; sourceTree = "<group>"; };
		321E68490AAB2283EFF437A3 /* UIImageViewExtensions.swift */ = {isa = PBXFileReference; lastKnownFileType = sourcecode.swift; path = UIImageViewExtensions.swift; sourceTree = "<group>"; };
		32A3DBDBF43BEDF82071937B /* StringExtensions.swift */ = {isa = PBXFileReference; lastKnownFileType = sourcecode.swift; path = StringExtensions.swift; sourceTree = "<group>"; };
		33FCD80EB022F77824BB2B0F /* DoubleExtensionsTests.swift */ = {isa = PBXFileReference; lastKnownFileType = sourcecode.swift; path = DoubleExtensionsTests.swift; sourceTree = "<group>"; };
		34209B378C6E7602D8D5B73B /* WASAPIMock.swift */ = {isa = PBXFileReference; lastKnownFileType = sourcecode.swift; path = WASAPIMock.swift; sourceTree = "<group>"; };
		384A2045B3EC72C63D5C333D /* Environment.swift */ = {isa = PBXFileReference; lastKnownFileType = sourcecode.swift; path = Environment.swift; sourceTree = "<group>"; };
		3A4E0F710809E1A7B19CEDE8 /* LocalEnvironment.swift */ = {isa = PBXFileReference; lastKnownFileType = sourcecode.swift; path = LocalEnvironment.swift; sourceTree = "<group>"; };
		3A7EFAA920B0A59F1BDE8E44 /* DetailView.swift */ = {isa = PBXFileReference; lastKnownFileType = sourcecode.swift; path = DetailView.swift; sourceTree = "<group>"; };
		3D9A61AB192B9A7F13AF76E8 /* KeychainService.swift */ = {isa = PBXFileReference; lastKnownFileType = sourcecode.swift; path = KeychainService.swift; sourceTree = "<group>"; };
		3D9B95F366AEFA99C35C1F1C /* TokenRequest.swift */ = {isa = PBXFileReference; lastKnownFileType = sourcecode.swift; path = TokenRequest.swift; sourceTree = "<group>"; };
		3EB042093BE3A27F095EBD07 /* SearchRequest.json */ = {isa = PBXFileReference; lastKnownFileType = text.json; path = SearchRequest.json; sourceTree = "<group>"; };
		426143FFD3FE63590BBF47A8 /* Assets.xcassets */ = {isa = PBXFileReference; lastKnownFileType = folder.assetcatalog; path = Assets.xcassets; sourceTree = "<group>"; };
		43596FB55898E0F3CF3D0E74 /* APIClient.swift */ = {isa = PBXFileReference; lastKnownFileType = sourcecode.swift; path = APIClient.swift; sourceTree = "<group>"; };
		45558B930ECB5116525F2DBC /* GeoLocationResponseTests.swift */ = {isa = PBXFileReference; lastKnownFileType = sourcecode.swift; path = GeoLocationResponseTests.swift; sourceTree = "<group>"; };
		47123DAE98C0248E50D0C76D /* Base */ = {isa = PBXFileReference; lastKnownFileType = file.storyboard; name = Base; path = Base.lproj/LaunchScreen.storyboard; sourceTree = "<group>"; };
		47F075BA544604A5F83422E5 /* GeoLocationResponse.swift */ = {isa = PBXFileReference; lastKnownFileType = sourcecode.swift; path = GeoLocationResponse.swift; sourceTree = "<group>"; };
		48E6AA8B59FC31AEEDB6ED38 /* ItemDetailResponse.swift */ = {isa = PBXFileReference; lastKnownFileType = sourcecode.swift; path = ItemDetailResponse.swift; sourceTree = "<group>"; };
		492EBDD9B836C0320E345B51 /* EstimateResponse.swift */ = {isa = PBXFileReference; lastKnownFileType = sourcecode.swift; path = EstimateResponse.swift; sourceTree = "<group>"; };
		49E0C4FE5ABA5BFDC6417FB6 /* AppConfiguration.swift */ = {isa = PBXFileReference; lastKnownFileType = sourcecode.swift; path = AppConfiguration.swift; sourceTree = "<group>"; };
		4F3EB577ED418E0550D206F8 /* Localizable.xcstrings */ = {isa = PBXFileReference; lastKnownFileType = text.json.xcstrings; path = Localizable.xcstrings; sourceTree = "<group>"; };
		51900883712015472EFFD608 /* URLFactory.swift */ = {isa = PBXFileReference; lastKnownFileType = sourcecode.swift; path = URLFactory.swift; sourceTree = "<group>"; };
		53F9CF7B68044A0ECCCD2A8F /* RouteResponse.swift */ = {isa = PBXFileReference; lastKnownFileType = sourcecode.swift; path = RouteResponse.swift; sourceTree = "<group>"; };
		561C8B442E9E27ED9F757242 /* ShadowElevation.swift */ = {isa = PBXFileReference; lastKnownFileType = sourcecode.swift; path = ShadowElevation.swift; sourceTree = "<group>"; };
		591ECF1976328879D4B313AB /* Colors.xcassets */ = {isa = PBXFileReference; lastKnownFileType = folder.assetcatalog; path = Colors.xcassets; sourceTree = "<group>"; };
		5D0E23D3A15FCA45596DF78C /* RequestFactoryError.swift */ = {isa = PBXFileReference; lastKnownFileType = sourcecode.swift; path = RequestFactoryError.swift; sourceTree = "<group>"; };
		5F39DF80B700D5DF59497DD6 /* FeedbackView.swift */ = {isa = PBXFileReference; lastKnownFileType = sourcecode.swift; path = FeedbackView.swift; sourceTree = "<group>"; };
		5FE4524083EB68157ED4D337 /* EnvironmentFactory.swift */ = {isa = PBXFileReference; lastKnownFileType = sourcecode.swift; path = EnvironmentFactory.swift; sourceTree = "<group>"; };
		6126FA03CDB027D493A5D327 /* FeedbackViewDisplayModel.swift */ = {isa = PBXFileReference; lastKnownFileType = sourcecode.swift; path = FeedbackViewDisplayModel.swift; sourceTree = "<group>"; };
		61581B42180859BD3ED39C9F /* ResponseType.swift */ = {isa = PBXFileReference; lastKnownFileType = sourcecode.swift; path = ResponseType.swift; sourceTree = "<group>"; };
		623B5633E582ADD3C0552761 /* DriverResponse.swift */ = {isa = PBXFileReference; lastKnownFileType = sourcecode.swift; path = DriverResponse.swift; sourceTree = "<group>"; };
		625D45A208505CD8DCB97CD5 /* ItemResponse.swift */ = {isa = PBXFileReference; lastKnownFileType = sourcecode.swift; path = ItemResponse.swift; sourceTree = "<group>"; };
		6B580344F1CA5966A390547A /* UIViewExtensions.swift */ = {isa = PBXFileReference; lastKnownFileType = sourcecode.swift; path = UIViewExtensions.swift; sourceTree = "<group>"; };
		6BFEA91887034A2A6A7E7A3B /* ProductionEnvironment.swift */ = {isa = PBXFileReference; lastKnownFileType = sourcecode.swift; path = ProductionEnvironment.swift; sourceTree = "<group>"; };
		6CACEB54CBCDD6FD7FE5688F /* RequestFactory.swift */ = {isa = PBXFileReference; lastKnownFileType = sourcecode.swift; path = RequestFactory.swift; sourceTree = "<group>"; };
		72D2E62B471B365A4C10C040 /* DetailCollectionViewCell.swift */ = {isa = PBXFileReference; lastKnownFileType = sourcecode.swift; path = DetailCollectionViewCell.swift; sourceTree = "<group>"; };
		736448492E3998DAE08A8F91 /* SplashViewController.swift */ = {isa = PBXFileReference; lastKnownFileType = sourcecode.swift; path = SplashViewController.swift; sourceTree = "<group>"; };
		782AB278D63BC38A3DEF5B86 /* DetailFlowLayout.swift */ = {isa = PBXFileReference; lastKnownFileType = sourcecode.swift; path = DetailFlowLayout.swift; sourceTree = "<group>"; };
		78C10059DC9C3D6F7984BB8D /* Sizes.swift */ = {isa = PBXFileReference; lastKnownFileType = sourcecode.swift; path = Sizes.swift; sourceTree = "<group>"; };
		7BA6B5C31F997581C9C469C6 /* LoginViewModel.swift */ = {isa = PBXFileReference; lastKnownFileType = sourcecode.swift; path = LoginViewModel.swift; sourceTree = "<group>"; };
		7D30A4197D8FDAA98C790064 /* APIRequest.swift */ = {isa = PBXFileReference; lastKnownFileType = sourcecode.swift; path = APIRequest.swift; sourceTree = "<group>"; };
		8141803E2963D8945E769A7A /* RidesResponse.swift */ = {isa = PBXFileReference; lastKnownFileType = sourcecode.swift; path = RidesResponse.swift; sourceTree = "<group>"; };
		82F305E59C84A1A5886E6BFF /* UIEdgeInsetsExtensions.swift */ = {isa = PBXFileReference; lastKnownFileType = sourcecode.swift; path = UIEdgeInsetsExtensions.swift; sourceTree = "<group>"; };
		8A5CA48FB3D56743B62122B2 /* APIEnvironmentType.swift */ = {isa = PBXFileReference; lastKnownFileType = sourcecode.swift; path = APIEnvironmentType.swift; sourceTree = "<group>"; };
		8ABF83699117369E2DDEE8B7 /* ImageCache.swift */ = {isa = PBXFileReference; lastKnownFileType = sourcecode.swift; path = ImageCache.swift; sourceTree = "<group>"; };
		8C4922C072AE9BBB260B26F9 /* SearchResponse.swift */ = {isa = PBXFileReference; lastKnownFileType = sourcecode.swift; path = SearchResponse.swift; sourceTree = "<group>"; };
		907B20021F8340A00BA4B703 /* ListView.swift */ = {isa = PBXFileReference; lastKnownFileType = sourcecode.swift; path = ListView.swift; sourceTree = "<group>"; };
		94D75B784C81F03EE9CD29CB /* ErrorViewController.swift */ = {isa = PBXFileReference; lastKnownFileType = sourcecode.swift; path = ErrorViewController.swift; sourceTree = "<group>"; };
		9C11651022BA3F8D6FE24345 /* Info.plist */ = {isa = PBXFileReference; lastKnownFileType = text.plist; path = Info.plist; sourceTree = "<group>"; };
		9E5EBE78487FE151E3200129 /* URLQueryItemEncoder.swift */ = {isa = PBXFileReference; lastKnownFileType = sourcecode.swift; path = URLQueryItemEncoder.swift; sourceTree = "<group>"; };
		A2907B0269583BA191AEEDF4 /* TokenResponse.swift */ = {isa = PBXFileReference; lastKnownFileType = sourcecode.swift; path = TokenResponse.swift; sourceTree = "<group>"; };
		A4A94E4BF0D0CF0E7406FFB2 /* Local.xcconfig */ = {isa = PBXFileReference; lastKnownFileType = text.xcconfig; path = Local.xcconfig; sourceTree = "<group>"; };
		A71A5DFB2EE32E1800C61A73 /* ListItemDisplayModel.swift */ = {isa = PBXFileReference; lastKnownFileType = sourcecode.swift; path = ListItemDisplayModel.swift; sourceTree = "<group>"; };
		A71A5DFD2EE330C800C61A73 /* Loadable.swift */ = {isa = PBXFileReference; lastKnownFileType = sourcecode.swift; path = Loadable.swift; sourceTree = "<group>"; };
		A71A5E002EE330E400C61A73 /* ScrollableToTop.swift */ = {isa = PBXFileReference; lastKnownFileType = sourcecode.swift; path = ScrollableToTop.swift; sourceTree = "<group>"; };
		A71A5E022EE33AD900C61A73 /* OperationManager.swift */ = {isa = PBXFileReference; lastKnownFileType = sourcecode.swift; path = OperationManager.swift; sourceTree = "<group>"; };
		A71A5E042EE359E900C61A73 /* DetailViewDisplayModel.swift */ = {isa = PBXFileReference; lastKnownFileType = sourcecode.swift; path = DetailViewDisplayModel.swift; sourceTree = "<group>"; };
		A769FB7B2EE2B7DE00FD4DEC /* Debouncer.swift */ = {isa = PBXFileReference; lastKnownFileType = sourcecode.swift; path = Debouncer.swift; sourceTree = "<group>"; };
		A7C3226392AF2DE6DC6DB377 /* LoginViewController.swift */ = {isa = PBXFileReference; lastKnownFileType = sourcecode.swift; path = LoginViewController.swift; sourceTree = "<group>"; };
		A87D356B8C5D44089B76E102 /* ErrorCode.swift */ = {isa = PBXFileReference; lastKnownFileType = sourcecode.swift; path = ErrorCode.swift; sourceTree = "<group>"; };
		AB9C98EABA3929399133485C /* SearchTextFieldDelegate.swift */ = {isa = PBXFileReference; lastKnownFileType = sourcecode.swift; path = SearchTextFieldDelegate.swift; sourceTree = "<group>"; };
		AD543CD6860D01897A8641E7 /* URLRequestExtension.swift */ = {isa = PBXFileReference; lastKnownFileType = sourcecode.swift; path = URLRequestExtension.swift; sourceTree = "<group>"; };
		AFD74BF7EDA5887FD2A1C56C /* BundleExtensions.swift */ = {isa = PBXFileReference; lastKnownFileType = sourcecode.swift; path = BundleExtensions.swift; sourceTree = "<group>"; };
		AFEB7D56F889A65194A6CF16 /* ListViewController.swift */ = {isa = PBXFileReference; lastKnownFileType = sourcecode.swift; path = ListViewController.swift; sourceTree = "<group>"; };
		B083A0DBBE702DB8DE3C325C /* HTTPParameter.swift */ = {isa = PBXFileReference; lastKnownFileType = sourcecode.swift; path = HTTPParameter.swift; sourceTree = "<group>"; };
		B0D0D5067027381BCAE0702C /* ErrorViewDisplayModel.swift */ = {isa = PBXFileReference; lastKnownFileType = sourcecode.swift; path = ErrorViewDisplayModel.swift; sourceTree = "<group>"; };
		B72800B8ABC0D74919B9DA23 /* ViewCoding.swift */ = {isa = PBXFileReference; lastKnownFileType = sourcecode.swift; path = ViewCoding.swift; sourceTree = "<group>"; };
		B8719969BDBE7822269C966D /* SearchView.swift */ = {isa = PBXFileReference; lastKnownFileType = sourcecode.swift; path = SearchView.swift; sourceTree = "<group>"; };
		BB165A75A7DC0EE65899558D /* ListPaginationManager.swift */ = {isa = PBXFileReference; lastKnownFileType = sourcecode.swift; path = ListPaginationManager.swift; sourceTree = "<group>"; };
		BB44E2A6AC3C9A6B682143CA /* StringExtensionTests.swift */ = {isa = PBXFileReference; lastKnownFileType = sourcecode.swift; path = StringExtensionTests.swift; sourceTree = "<group>"; };
		BCD3F927C59B8780854AD190 /* DetailViewController.swift */ = {isa = PBXFileReference; lastKnownFileType = sourcecode.swift; path = DetailViewController.swift; sourceTree = "<group>"; };
		BDC2D3486FCE7EC4009F40EA /* Labels.swift */ = {isa = PBXFileReference; lastKnownFileType = sourcecode.swift; path = Labels.swift; sourceTree = "<group>"; };
		BEFF5365ABA0BCF78E0FFBA9 /* ItemsRequest.json */ = {isa = PBXFileReference; lastKnownFileType = text.json; path = ItemsRequest.json; sourceTree = "<group>"; };
		C115037231F81A070A71A1BE /* SearchViewController.swift */ = {isa = PBXFileReference; lastKnownFileType = sourcecode.swift; path = SearchViewController.swift; sourceTree = "<group>"; };
		C2329FC97F4186A093519894 /* challengeTests.xctest */ = {isa = PBXFileReference; explicitFileType = wrapper.cfbundle; includeInIndex = 0; path = challengeTests.xctest; sourceTree = BUILT_PRODUCTS_DIR; };
		C3AFC699A8E110A4DE41DCCA /* ListFlowLayout.swift */ = {isa = PBXFileReference; lastKnownFileType = sourcecode.swift; path = ListFlowLayout.swift; sourceTree = "<group>"; };
		C7730D8F181082B10ED704EB /* APISerialization.swift */ = {isa = PBXFileReference; lastKnownFileType = sourcecode.swift; path = APISerialization.swift; sourceTree = "<group>"; };
		C8CFD8F90DF9818294EBBD4F /* ListViewModel.swift */ = {isa = PBXFileReference; lastKnownFileType = sourcecode.swift; path = ListViewModel.swift; sourceTree = "<group>"; };
		C9B1135F11D6A0FB7467E1D6 /* ErrorProtocol.swift */ = {isa = PBXFileReference; lastKnownFileType = sourcecode.swift; path = ErrorProtocol.swift; sourceTree = "<group>"; };
		CA3A1C126CB3480F834A7FB8 /* Logger.swift */ = {isa = PBXFileReference; lastKnownFileType = sourcecode.swift; path = Logger.swift; sourceTree = "<group>"; };
		CDBE801742AEE2AF79ABD88B /* Info.plist */ = {isa = PBXFileReference; lastKnownFileType = text.plist; path = Info.plist; sourceTree = "<group>"; };
		D478CE1DB89E04BD0782A556 /* SearchRequest.swift */ = {isa = PBXFileReference; lastKnownFileType = sourcecode.swift; path = SearchRequest.swift; sourceTree = "<group>"; };
		D49D281A92D7D007C562BF65 /* Production.xcconfig */ = {isa = PBXFileReference; lastKnownFileType = text.xcconfig; path = Production.xcconfig; sourceTree = "<group>"; };
		D9766A900FF8E1665652803D /* APIHTTPMethod.swift */ = {isa = PBXFileReference; lastKnownFileType = sourcecode.swift; path = APIHTTPMethod.swift; sourceTree = "<group>"; };
		DA2F7CEA4A54E036F90A1E9C /* TokenRequest.json */ = {isa = PBXFileReference; lastKnownFileType = text.json; path = TokenRequest.json; sourceTree = "<group>"; };
		DAE0D499DE0F4BC3A833ED4E /* ItemDescriptionRequest.swift */ = {isa = PBXFileReference; lastKnownFileType = sourcecode.swift; path = ItemDescriptionRequest.swift; sourceTree = "<group>"; };
		DBC6D14F9834A166439C4D28 /* SearchViewModel.swift */ = {isa = PBXFileReference; lastKnownFileType = sourcecode.swift; path = SearchViewModel.swift; sourceTree = "<group>"; };
		DC799B8444F0B8D28C32452D /* APIRequestExtensions.swift */ = {isa = PBXFileReference; lastKnownFileType = sourcecode.swift; path = APIRequestExtensions.swift; sourceTree = "<group>"; };
		DE259BCE2D05E90B91B49216 /* Typography.swift */ = {isa = PBXFileReference; lastKnownFileType = sourcecode.swift; path = Typography.swift; sourceTree = "<group>"; };
		E25050C12EC1443A3F62E1F9 /* ErrorView.swift */ = {isa = PBXFileReference; lastKnownFileType = sourcecode.swift; path = ErrorView.swift; sourceTree = "<group>"; };
		E689A1A36BFA0EF19F28B2F2 /* TokenManager.swift */ = {isa = PBXFileReference; lastKnownFileType = sourcecode.swift; path = TokenManager.swift; sourceTree = "<group>"; };
		ED494F0AFD61735571BB8537 /* Colors.swift */ = {isa = PBXFileReference; lastKnownFileType = sourcecode.swift; path = Colors.swift; sourceTree = "<group>"; };
		F1AE2B1626C50FF2CCC2BAFB /* ResponseParser.swift */ = {isa = PBXFileReference; lastKnownFileType = sourcecode.swift; path = ResponseParser.swift; sourceTree = "<group>"; };
		FA30FF16F0AC7FA3DB097DE5 /* ListCollectionViewCell.swift */ = {isa = PBXFileReference; lastKnownFileType = sourcecode.swift; path = ListCollectionViewCell.swift; sourceTree = "<group>"; };
		FC4A2EBCC845F3A6813CD39E /* Buttons.swift */ = {isa = PBXFileReference; lastKnownFileType = sourcecode.swift; path = Buttons.swift; sourceTree = "<group>"; };
		FCFE535713503AA975F166C8 /* ItemDescriptionRequest.json */ = {isa = PBXFileReference; lastKnownFileType = text.json; path = ItemDescriptionRequest.json; sourceTree = "<group>"; };
		FD19AF1177307B60640163F4 /* UICollectionViewExtensions.swift */ = {isa = PBXFileReference; lastKnownFileType = sourcecode.swift; path = UICollectionViewExtensions.swift; sourceTree = "<group>"; };
		FDA227971A1FA101E28BA337 /* ItemsRequest.swift */ = {isa = PBXFileReference; lastKnownFileType = sourcecode.swift; path = ItemsRequest.swift; sourceTree = "<group>"; };
		FE6BADDC7C28A9E361C7FF03 /* PaginationManagerTests.swift */ = {isa = PBXFileReference; lastKnownFileType = sourcecode.swift; path = PaginationManagerTests.swift; sourceTree = "<group>"; };
		FF1BCA1F3D545022A6EA57F6 /* JSONDecoderExtensions.swift */ = {isa = PBXFileReference; lastKnownFileType = sourcecode.swift; path = JSONDecoderExtensions.swift; sourceTree = "<group>"; };
/* End PBXFileReference section */

/* Begin PBXFrameworksBuildPhase section */
		4B035C14E1EB81F22BEF01F4 /* Frameworks */ = {
			isa = PBXFrameworksBuildPhase;
			buildActionMask = 2147483647;
			files = (
				575A13D7C3A00D6E572B5C41 /* SwiftUI.framework in Frameworks */,
			);
			runOnlyForDeploymentPostprocessing = 0;
		};
/* End PBXFrameworksBuildPhase section */

/* Begin PBXGroup section */
		12F97E69C081305D818A45CE /* Extensions */ = {
			isa = PBXGroup;
			children = (
				0602D661FA597AD1FF770B15 /* DoubleExtensions.swift */,
				32A3DBDBF43BEDF82071937B /* StringExtensions.swift */,
				FD19AF1177307B60640163F4 /* UICollectionViewExtensions.swift */,
				82F305E59C84A1A5886E6BFF /* UIEdgeInsetsExtensions.swift */,
				0DD9B43DA6C0E3AFF09A66E6 /* UIFontExtensions.swift */,
				321E68490AAB2283EFF437A3 /* UIImageViewExtensions.swift */,
				6B580344F1CA5966A390547A /* UIViewExtensions.swift */,
			);
			path = Extensions;
			sourceTree = "<group>";
		};
		1340445B74ADF0D006512D9B /* Core */ = {
			isa = PBXGroup;
			children = (
				A71A5E022EE33AD900C61A73 /* OperationManager.swift */,
				A71A5DFF2EE330D100C61A73 /* Protocols */,
				A769FB7B2EE2B7DE00FD4DEC /* Debouncer.swift */,
				49E0C4FE5ABA5BFDC6417FB6 /* AppConfiguration.swift */,
				224F914E44A68B34BBDF4CC8 /* DependencyContainer.swift */,
				8ABF83699117369E2DDEE8B7 /* ImageCache.swift */,
				CA3A1C126CB3480F834A7FB8 /* Logger.swift */,
				015E4958A7E236949FF26543 /* ReusableView.swift */,
				B72800B8ABC0D74919B9DA23 /* ViewCoding.swift */,
				D54E5563ACE68334234CAFE3 /* Environment */,
				697446AB25221C9F0F8B9800 /* Storage */,
			);
			path = Core;
			sourceTree = "<group>";
		};
		1CF8F8F2C3772AF692174C2B /* Mocks */ = {
			isa = PBXGroup;
			children = (
				FCFE535713503AA975F166C8 /* ItemDescriptionRequest.json */,
				BEFF5365ABA0BCF78E0FFBA9 /* ItemsRequest.json */,
				093733000594E8DB139BD0C4 /* RefreshTokenRequest.json */,
				3EB042093BE3A27F095EBD07 /* SearchRequest.json */,
				DA2F7CEA4A54E036F90A1E9C /* TokenRequest.json */,
			);
			path = Mocks;
			sourceTree = "<group>";
		};
		1F3EC93A844CC81E3CDF83FC /* Models */ = {
			isa = PBXGroup;
			children = (
				A5C120E4FD1136F2DB673716 /* Requests */,
				98D47B9A6CDE7041738376B3 /* Response */,
			);
			path = Models;
			sourceTree = "<group>";
		};
		2327A0540315EE138FA181D8 /* List */ = {
			isa = PBXGroup;
			children = (
				FE6BADDC7C28A9E361C7FF03 /* PaginationManagerTests.swift */,
			);
			path = List;
			sourceTree = "<group>";
		};
		241DF47CBF1420D1D331ABD3 /* Resources */ = {
			isa = PBXGroup;
			children = (
				591ECF1976328879D4B313AB /* Colors.xcassets */,
				9C11651022BA3F8D6FE24345 /* Info.plist */,
				4F3EB577ED418E0550D206F8 /* Localizable.xcstrings */,
				1CF8F8F2C3772AF692174C2B /* Mocks */,
			);
			path = Resources;
			sourceTree = "<group>";
		};
		25C0FDCD55959ECCC0415044 /* Components */ = {
			isa = PBXGroup;
			children = (
				FC4A2EBCC845F3A6813CD39E /* Buttons.swift */,
				BDC2D3486FCE7EC4009F40EA /* Labels.swift */,
				21900ACF77F5C832C68DE74D /* TextFields.swift */,
			);
			path = Components;
			sourceTree = "<group>";
		};
		374176976DEE7B980BE55DB7 /* challenge */ = {
			isa = PBXGroup;
			children = (
				1A246ADB20CFDF70859310ED /* AppDelegate.swift */,
				426143FFD3FE63590BBF47A8 /* Assets.xcassets */,
				243356E12739A4D68A2E238E /* LaunchScreen.storyboard */,
				C18EEF18D18FD40F53D63623 /* Components */,
				1340445B74ADF0D006512D9B /* Core */,
				EA5EBFBC1CDB57F26DA05444 /* DesignSystem */,
				12F97E69C081305D818A45CE /* Extensions */,
				FE227FC92538EA23F02D6182 /* Modules */,
				4285E41CA2482677030DDE8E /* Network */,
				241DF47CBF1420D1D331ABD3 /* Resources */,
			);
			path = challenge;
			sourceTree = "<group>";
		};
		3B353E8A19EF38F689E92206 /* Extras */ = {
			isa = PBXGroup;
			children = (
				A71A5E042EE359E900C61A73 /* DetailViewDisplayModel.swift */,
				72D2E62B471B365A4C10C040 /* DetailCollectionViewCell.swift */,
				782AB278D63BC38A3DEF5B86 /* DetailFlowLayout.swift */,
			);
			path = Extras;
			sourceTree = "<group>";
		};
		40D2AEBE1B82D9406B23FD96 /* Extensions */ = {
			isa = PBXGroup;
			children = (
				DC799B8444F0B8D28C32452D /* APIRequestExtensions.swift */,
				AFD74BF7EDA5887FD2A1C56C /* BundleExtensions.swift */,
				FF1BCA1F3D545022A6EA57F6 /* JSONDecoderExtensions.swift */,
				AD543CD6860D01897A8641E7 /* URLRequestExtension.swift */,
			);
			path = Extensions;
			sourceTree = "<group>";
		};
		4285E41CA2482677030DDE8E /* Network */ = {
			isa = PBXGroup;
			children = (
				DFC8F36C8D80F5D284D213EC /* Core */,
				BD1FB00B1558179CECA4E042 /* Enums */,
				40D2AEBE1B82D9406B23FD96 /* Extensions */,
				A3E05C57CC8B3B8C3542B187 /* Factory */,
				1F3EC93A844CC81E3CDF83FC /* Models */,
			);
			path = Network;
			sourceTree = "<group>";
		};
		568FDB59180F06F5FA5443E4 = {
			isa = PBXGroup;
			children = (
				374176976DEE7B980BE55DB7 /* challenge */,
				83EA72DEDA6FEB9F44E31634 /* challengeTests */,
				F14F6AADFEFA702563E00369 /* Configurations */,
				ED5D88131CE99A667EF142EF /* Frameworks */,
				660DA69B4B34DD1D930F5D97 /* Products */,
			);
			sourceTree = "<group>";
		};
		57E79BA3E60C603CFEEC94AB /* Splash */ = {
			isa = PBXGroup;
			children = (
				736448492E3998DAE08A8F91 /* SplashViewController.swift */,
			);
			path = Splash;
			sourceTree = "<group>";
		};
		5C068E9AC75150D5650372C3 /* Error */ = {
			isa = PBXGroup;
			children = (
				E25050C12EC1443A3F62E1F9 /* ErrorView.swift */,
				94D75B784C81F03EE9CD29CB /* ErrorViewController.swift */,
				B0D0D5067027381BCAE0702C /* ErrorViewDisplayModel.swift */,
			);
			path = Error;
			sourceTree = "<group>";
		};
		5E458DB03D50858D9A86B3C0 /* Errors */ = {
			isa = PBXGroup;
			children = (
				A87D356B8C5D44089B76E102 /* ErrorCode.swift */,
				C9B1135F11D6A0FB7467E1D6 /* ErrorProtocol.swift */,
				24842138987D4EDB565845A9 /* GenericErrorResponse.swift */,
				0B905D1AB8EB9909DD0DDF00 /* TokenErrorResponse.swift */,
			);
			path = Errors;
			sourceTree = "<group>";
		};
		660DA69B4B34DD1D930F5D97 /* Products */ = {
			isa = PBXGroup;
			children = (
				12F63258320BA3CC9F59B93A /* challenge.app */,
				C2329FC97F4186A093519894 /* challengeTests.xctest */,
			);
			name = Products;
			sourceTree = "<group>";
		};
		697446AB25221C9F0F8B9800 /* Storage */ = {
			isa = PBXGroup;
			children = (
				182992CA2AAEF9C831441F88 /* KeychainError.swift */,
				3D9A61AB192B9A7F13AF76E8 /* KeychainService.swift */,
				E689A1A36BFA0EF19F28B2F2 /* TokenManager.swift */,
			);
			path = Storage;
			sourceTree = "<group>";
		};
		714DE8BDA735F4BC5AB41191 /* Tokens */ = {
			isa = PBXGroup;
			children = (
				ED494F0AFD61735571BB8537 /* Colors.swift */,
				265514E8366262EA32F72D56 /* Corners.swift */,
				29A35411A8E84C0E5546D697 /* Scale.swift */,
				561C8B442E9E27ED9F757242 /* ShadowElevation.swift */,
				78C10059DC9C3D6F7984BB8D /* Sizes.swift */,
				07FF18BD913FA767D1D538A4 /* Spacing.swift */,
				DE259BCE2D05E90B91B49216 /* Typography.swift */,
			);
			path = Tokens;
			sourceTree = "<group>";
		};
		7E32746C04702E644CE2788B /* Details */ = {
			isa = PBXGroup;
			children = (
				3A7EFAA920B0A59F1BDE8E44 /* DetailView.swift */,
				BCD3F927C59B8780854AD190 /* DetailViewController.swift */,
				19312416B9FDBB877029405A /* DetailViewModel.swift */,
				3B353E8A19EF38F689E92206 /* Extras */,
			);
			path = Details;
			sourceTree = "<group>";
		};
		83EA72DEDA6FEB9F44E31634 /* challengeTests */ = {
			isa = PBXGroup;
			children = (
				CDBE801742AEE2AF79ABD88B /* Info.plist */,
				DD251E0FDBBCB1BC08984755 /* Commons */,
				F005109227B73A5CE1BDF8CF /* Extensions */,
				9B6CCDAEE7C264AFB22C4B75 /* Mocks */,
				D48A6B053122211D33B69E78 /* Modules */,
			);
			path = challengeTests;
			sourceTree = "<group>";
		};
		8E837E8140AC3D7D90BB5DA6 /* Extras */ = {
			isa = PBXGroup;
			children = (
				A71A5DFB2EE32E1800C61A73 /* ListItemDisplayModel.swift */,
				FA30FF16F0AC7FA3DB097DE5 /* ListCollectionViewCell.swift */,
				C3AFC699A8E110A4DE41DCCA /* ListFlowLayout.swift */,
				BB165A75A7DC0EE65899558D /* ListPaginationManager.swift */,
			);
			path = Extras;
			sourceTree = "<group>";
		};
		98D47B9A6CDE7041738376B3 /* Response */ = {
			isa = PBXGroup;
			children = (
				48E6AA8B59FC31AEEDB6ED38 /* ItemDetailResponse.swift */,
				625D45A208505CD8DCB97CD5 /* ItemResponse.swift */,
				8C4922C072AE9BBB260B26F9 /* SearchResponse.swift */,
				A2907B0269583BA191AEEDF4 /* TokenResponse.swift */,
				5E458DB03D50858D9A86B3C0 /* Errors */,
			);
			path = Response;
			sourceTree = "<group>";
		};
		9B6CCDAEE7C264AFB22C4B75 /* Mocks */ = {
			isa = PBXGroup;
			children = (
				623B5633E582ADD3C0552761 /* DriverResponse.swift */,
				492EBDD9B836C0320E345B51 /* EstimateResponse.swift */,
				47F075BA544604A5F83422E5 /* GeoLocationResponse.swift */,
				19B27EB87D259B6C5ACA40E6 /* RideResponse.swift */,
				8141803E2963D8945E769A7A /* RidesResponse.swift */,
				53F9CF7B68044A0ECCCD2A8F /* RouteResponse.swift */,
			);
			path = Mocks;
			sourceTree = "<group>";
		};
		A3E05C57CC8B3B8C3542B187 /* Factory */ = {
			isa = PBXGroup;
			children = (
				6CACEB54CBCDD6FD7FE5688F /* RequestFactory.swift */,
				5D0E23D3A15FCA45596DF78C /* RequestFactoryError.swift */,
				F1AE2B1626C50FF2CCC2BAFB /* ResponseParser.swift */,
				51900883712015472EFFD608 /* URLFactory.swift */,
			);
			path = Factory;
			sourceTree = "<group>";
		};
		A5C120E4FD1136F2DB673716 /* Requests */ = {
			isa = PBXGroup;
			children = (
				DAE0D499DE0F4BC3A833ED4E /* ItemDescriptionRequest.swift */,
				FDA227971A1FA101E28BA337 /* ItemsRequest.swift */,
				17454C5222AED0F1FA79B003 /* RefreshTokenRequest.swift */,
				D478CE1DB89E04BD0782A556 /* SearchRequest.swift */,
				3D9B95F366AEFA99C35C1F1C /* TokenRequest.swift */,
			);
			path = Requests;
			sourceTree = "<group>";
		};
		A71A5DFF2EE330D100C61A73 /* Protocols */ = {
			isa = PBXGroup;
			children = (
				A71A5E002EE330E400C61A73 /* ScrollableToTop.swift */,
				A71A5DFD2EE330C800C61A73 /* Loadable.swift */,
			);
			path = Protocols;
			sourceTree = "<group>";
		};
		BA49F2B87FE2C63CC0443AE3 /* Search */ = {
			isa = PBXGroup;
			children = (
				B8719969BDBE7822269C966D /* SearchView.swift */,
				C115037231F81A070A71A1BE /* SearchViewController.swift */,
				DBC6D14F9834A166439C4D28 /* SearchViewModel.swift */,
			);
			path = Search;
			sourceTree = "<group>";
		};
		BD1FB00B1558179CECA4E042 /* Enums */ = {
			isa = PBXGroup;
			children = (
				8A5CA48FB3D56743B62122B2 /* APIEnvironmentType.swift */,
				D9766A900FF8E1665652803D /* APIHTTPMethod.swift */,
				C7730D8F181082B10ED704EB /* APISerialization.swift */,
				B083A0DBBE702DB8DE3C325C /* HTTPParameter.swift */,
				9E5EBE78487FE151E3200129 /* URLQueryItemEncoder.swift */,
			);
			path = Enums;
			sourceTree = "<group>";
		};
		C18EEF18D18FD40F53D63623 /* Components */ = {
			isa = PBXGroup;
			children = (
				AB9C98EABA3929399133485C /* SearchTextFieldDelegate.swift */,
				D35495BCDA119DE42CB9F051 /* FeedbackView */,
			);
			path = Components;
			sourceTree = "<group>";
		};
		D35495BCDA119DE42CB9F051 /* FeedbackView */ = {
			isa = PBXGroup;
			children = (
				5F39DF80B700D5DF59497DD6 /* FeedbackView.swift */,
				6126FA03CDB027D493A5D327 /* FeedbackViewDisplayModel.swift */,
			);
			path = FeedbackView;
			sourceTree = "<group>";
		};
		D48A6B053122211D33B69E78 /* Modules */ = {
			isa = PBXGroup;
			children = (
				2327A0540315EE138FA181D8 /* List */,
			);
			path = Modules;
			sourceTree = "<group>";
		};
		D54E5563ACE68334234CAFE3 /* Environment */ = {
			isa = PBXGroup;
			children = (
				384A2045B3EC72C63D5C333D /* Environment.swift */,
				5FE4524083EB68157ED4D337 /* EnvironmentFactory.swift */,
				3A4E0F710809E1A7B19CEDE8 /* LocalEnvironment.swift */,
				6BFEA91887034A2A6A7E7A3B /* ProductionEnvironment.swift */,
			);
			path = Environment;
			sourceTree = "<group>";
		};
		DA3B0C04B5323932448E20BC /* List */ = {
			isa = PBXGroup;
			children = (
				907B20021F8340A00BA4B703 /* ListView.swift */,
				AFEB7D56F889A65194A6CF16 /* ListViewController.swift */,
				C8CFD8F90DF9818294EBBD4F /* ListViewModel.swift */,
				8E837E8140AC3D7D90BB5DA6 /* Extras */,
			);
			path = List;
			sourceTree = "<group>";
		};
		DD251E0FDBBCB1BC08984755 /* Commons */ = {
			isa = PBXGroup;
			children = (
				61581B42180859BD3ED39C9F /* ResponseType.swift */,
				34209B378C6E7602D8D5B73B /* WASAPIMock.swift */,
			);
			path = Commons;
			sourceTree = "<group>";
		};
		DFC8F36C8D80F5D284D213EC /* Core */ = {
			isa = PBXGroup;
			children = (
				43596FB55898E0F3CF3D0E74 /* APIClient.swift */,
				0E3374213C2C4D54A0DB8748 /* APIClientProtocol.swift */,
				106AB7B1206448A964E2633A /* APIError.swift */,
				7D30A4197D8FDAA98C790064 /* APIRequest.swift */,
			);
			path = Core;
			sourceTree = "<group>";
		};
		EA5EBFBC1CDB57F26DA05444 /* DesignSystem */ = {
			isa = PBXGroup;
			children = (
				25C0FDCD55959ECCC0415044 /* Components */,
				714DE8BDA735F4BC5AB41191 /* Tokens */,
			);
			path = DesignSystem;
			sourceTree = "<group>";
		};
		ED5D88131CE99A667EF142EF /* Frameworks */ = {
			isa = PBXGroup;
			children = (
				1EF8C6B8A48A95D7307B2D05 /* SwiftUI.framework */,
			);
			name = Frameworks;
			sourceTree = "<group>";
		};
		F005109227B73A5CE1BDF8CF /* Extensions */ = {
			isa = PBXGroup;
			children = (
				33FCD80EB022F77824BB2B0F /* DoubleExtensionsTests.swift */,
				45558B930ECB5116525F2DBC /* GeoLocationResponseTests.swift */,
				BB44E2A6AC3C9A6B682143CA /* StringExtensionTests.swift */,
			);
			path = Extensions;
			sourceTree = "<group>";
		};
		F08E44259040963891FDE24D /* Login */ = {
			isa = PBXGroup;
			children = (
				0B53849FEE1C243938434705 /* LoginView.swift */,
				A7C3226392AF2DE6DC6DB377 /* LoginViewController.swift */,
				7BA6B5C31F997581C9C469C6 /* LoginViewModel.swift */,
			);
			path = Login;
			sourceTree = "<group>";
		};
		F14F6AADFEFA702563E00369 /* Configurations */ = {
			isa = PBXGroup;
			children = (
				A4A94E4BF0D0CF0E7406FFB2 /* Local.xcconfig */,
				D49D281A92D7D007C562BF65 /* Production.xcconfig */,
			);
			path = Configurations;
			sourceTree = "<group>";
		};
		FE227FC92538EA23F02D6182 /* Modules */ = {
			isa = PBXGroup;
			children = (
				7E32746C04702E644CE2788B /* Details */,
				5C068E9AC75150D5650372C3 /* Error */,
				DA3B0C04B5323932448E20BC /* List */,
				F08E44259040963891FDE24D /* Login */,
				BA49F2B87FE2C63CC0443AE3 /* Search */,
				57E79BA3E60C603CFEEC94AB /* Splash */,
			);
			path = Modules;
			sourceTree = "<group>";
		};
/* End PBXGroup section */

/* Begin PBXNativeTarget section */
		1BD18AB17563842D09796886 /* challenge */ = {
			isa = PBXNativeTarget;
			buildConfigurationList = ECEC575B496C441D66721314 /* Build configuration list for PBXNativeTarget "challenge" */;
			buildPhases = (
				68CF752D02249B0798C25160 /* Sources */,
				DF5F550158272601270908BB /* Resources */,
			);
			buildRules = (
			);
			dependencies = (
			);
			name = challenge;
			packageProductDependencies = (
			);
			productName = challenge;
			productReference = 12F63258320BA3CC9F59B93A /* challenge.app */;
			productType = "com.apple.product-type.application";
		};
		DED52B9E5B9F29D242AC2B4B /* challengeTests */ = {
			isa = PBXNativeTarget;
			buildConfigurationList = 85EB60BB5E1B24492930F216 /* Build configuration list for PBXNativeTarget "challengeTests" */;
			buildPhases = (
				B35CE10565ACCC3513DA8FCA /* Sources */,
				4B035C14E1EB81F22BEF01F4 /* Frameworks */,
			);
			buildRules = (
			);
			dependencies = (
				02309607BCFEF5E552F5471D /* PBXTargetDependency */,
			);
			name = challengeTests;
			packageProductDependencies = (
			);
			productName = challengeTests;
			productReference = C2329FC97F4186A093519894 /* challengeTests.xctest */;
			productType = "com.apple.product-type.bundle.unit-test";
		};
/* End PBXNativeTarget section */

/* Begin PBXProject section */
		3D3C629AA56C05E99DA73355 /* Project object */ = {
			isa = PBXProject;
			attributes = {
				BuildIndependentTargetsInParallel = YES;
				LastUpgradeCheck = 1700;
			};
			buildConfigurationList = EB3B666A28181B6E0508EEB8 /* Build configuration list for PBXProject "challenge" */;
			compatibilityVersion = "Xcode 14.0";
			developmentRegion = en;
			hasScannedForEncodings = 0;
			knownRegions = (
				Base,
				en,
				"pt-BR",
			);
			mainGroup = 568FDB59180F06F5FA5443E4;
			minimizedProjectReferenceProxies = 1;
			projectDirPath = "";
			projectRoot = "";
			targets = (
				1BD18AB17563842D09796886 /* challenge */,
				DED52B9E5B9F29D242AC2B4B /* challengeTests */,
			);
		};
/* End PBXProject section */

/* Begin PBXResourcesBuildPhase section */
		DF5F550158272601270908BB /* Resources */ = {
			isa = PBXResourcesBuildPhase;
			buildActionMask = 2147483647;
			files = (
				8DC0EB0FA6D1141EC9EAF48A /* Assets.xcassets in Resources */,
				79B398CD3A42FFD7E5D04553 /* Colors.xcassets in Resources */,
				E2B90E6074ACE824C8DE36F8 /* ItemDescriptionRequest.json in Resources */,
				DC125A63977603ABDFFEAAF4 /* ItemsRequest.json in Resources */,
				9A662310EB98699B52D4C8B7 /* LaunchScreen.storyboard in Resources */,
				48244A4A1131720A26118229 /* Localizable.xcstrings in Resources */,
				2B784BD188520B1A8A4F9C96 /* RefreshTokenRequest.json in Resources */,
				A2ACC73A8D094E8C1AC03A10 /* SearchRequest.json in Resources */,
				7AAFE3E521D284368ABFC934 /* TokenRequest.json in Resources */,
			);
			runOnlyForDeploymentPostprocessing = 0;
		};
/* End PBXResourcesBuildPhase section */

/* Begin PBXSourcesBuildPhase section */
		68CF752D02249B0798C25160 /* Sources */ = {
			isa = PBXSourcesBuildPhase;
			buildActionMask = 2147483647;
			files = (
				3BBD94C8EDC15CCEF3B6B362 /* APIClient.swift in Sources */,
				1C9E710474278C94D5E8BAC5 /* APIClientProtocol.swift in Sources */,
				A71A5E012EE330E400C61A73 /* ScrollableToTop.swift in Sources */,
				7FC4E9DE2CF619FFE4608805 /* APIEnvironmentType.swift in Sources */,
				033A27C6391F6794A042CCEE /* APIError.swift in Sources */,
				C013D5112976FEAE734D4B5E /* APIHTTPMethod.swift in Sources */,
				E10A28F029D76AB1967F3F83 /* APIRequest.swift in Sources */,
				7C4E1F722182934B8704EAB4 /* APIRequestExtensions.swift in Sources */,
				C517B06BBD6DCB55384D6675 /* APISerialization.swift in Sources */,
				D18161522D8DA1D7DC7128CB /* AppConfiguration.swift in Sources */,
				A769FB7C2EE2B7DE00FD4DEC /* Debouncer.swift in Sources */,
				1941AAFD07D0E0BE8C768C68 /* AppDelegate.swift in Sources */,
				435A0BF6A6BFD6C320C3D3ED /* BundleExtensions.swift in Sources */,
				D641D6F4B5184F01EF81F9EB /* Buttons.swift in Sources */,
				20CF3C8CEC8F70E481926C80 /* Colors.swift in Sources */,
				A71A5DFC2EE32E1800C61A73 /* ListItemDisplayModel.swift in Sources */,
				B67DAC06F4728BB9C719E04A /* Corners.swift in Sources */,
				642D0E7ED5735809EA45F0AB /* DependencyContainer.swift in Sources */,
				1A5D35EA880695811BAC7BD6 /* DetailCollectionViewCell.swift in Sources */,
				11755D8DC2D7918EF29F861D /* DetailFlowLayout.swift in Sources */,
				723EB5BC28B9E1E0DA5F464D /* DetailView.swift in Sources */,
				F57838C3AC37E547F8B1C44C /* DetailViewController.swift in Sources */,
				71C452736812806D4F027650 /* DetailViewModel.swift in Sources */,
				A8A62BF5FC5BB3EF41AA43FC /* DoubleExtensions.swift in Sources */,
				4D79ECD880EBC3C42AA790EC /* FeedbackView.swift in Sources */,
				93950F54CD1213BD0E6F023B /* FeedbackViewDisplayModel.swift in Sources */,
				BF0C9D448B4E100D2B0003A4 /* Environment.swift in Sources */,
				CF9FD149A438EF9B277DE6EB /* EnvironmentFactory.swift in Sources */,
				53B946A16EB612EB81792071 /* ErrorCode.swift in Sources */,
				A71A5E052EE359E900C61A73 /* DetailViewDisplayModel.swift in Sources */,
				3C33066CEB37EE1C15D05823 /* ErrorProtocol.swift in Sources */,
				A71A5DFE2EE330C800C61A73 /* Loadable.swift in Sources */,
				94E4157EC70ADEC177811373 /* ErrorView.swift in Sources */,
				5CE808B875D8922D95780DDC /* ErrorViewController.swift in Sources */,
				D1571E5530945BC111C3A4F4 /* ErrorViewDisplayModel.swift in Sources */,
				465EB4676592E5FC46833FEC /* GenericErrorResponse.swift in Sources */,
				44A53435D0910EE9C6B77030 /* HTTPParameter.swift in Sources */,
				1261104E75F9345F5302EBBB /* ImageCache.swift in Sources */,
				D0122101626C1B6AEB4E0781 /* ItemDescriptionRequest.swift in Sources */,
				0C410BAA2EDA7106E65F88CC /* ItemDetailResponse.swift in Sources */,
				AF176980A56330E100325F36 /* ItemResponse.swift in Sources */,
				2615426876C0ADB5A2C3B0EF /* ItemsRequest.swift in Sources */,
				651045D6B48E904013ADFD64 /* JSONDecoderExtensions.swift in Sources */,
				DCFE4DFF937BC192592D1CFB /* KeychainError.swift in Sources */,
				BECE1ACD3643DF50DEE18ADA /* KeychainService.swift in Sources */,
				0BD38494C38D96D1CF205C8E /* Labels.swift in Sources */,
				3766F6F8938709DD5C34B2CD /* ListCollectionViewCell.swift in Sources */,
				DE6D442B1072395703D1638F /* ListFlowLayout.swift in Sources */,
				2CCB8E40CAFDA1F34F6FC1B9 /* ListPaginationManager.swift in Sources */,
				5F9858BC56D512CCEAC6C068 /* ListView.swift in Sources */,
				F27C81B354E978DCF54D3C42 /* ListViewController.swift in Sources */,
				347D1D4246A07463ED86AF97 /* ListViewModel.swift in Sources */,
				68AA26D590D7AF4871E84579 /* LocalEnvironment.swift in Sources */,
				FF2E44332E50E34EF959476A /* Logger.swift in Sources */,
				A013241A8E4AA9CA91EAAC58 /* LoginView.swift in Sources */,
				D7DAE2396F2853E5E9F4503D /* LoginViewController.swift in Sources */,
				98EBA73289AAEA18507C1580 /* LoginViewModel.swift in Sources */,
				53C5FBDDA42886D82AE19407 /* ProductionEnvironment.swift in Sources */,
				81852A1AECBEDC04FA42B7EE /* RefreshTokenRequest.swift in Sources */,
				8218FDA79A78CD0DA2A35C1A /* RequestFactory.swift in Sources */,
				CF41C14E4C34E8D519338C00 /* RequestFactoryError.swift in Sources */,
				304311272A1BDCFB7945CA4D /* ResponseParser.swift in Sources */,
				FD1CE3EAC61D2365CC4CB2E5 /* ReusableView.swift in Sources */,
				D8CAE2C0A56C4090EF7AE624 /* Scale.swift in Sources */,
				A71A5E032EE33AD900C61A73 /* OperationManager.swift in Sources */,
				B08B06FBD13A77B9DCC86516 /* SearchRequest.swift in Sources */,
				E31E2FFFEF40D5A4B675608A /* SearchResponse.swift in Sources */,
				EB734F9FB035B2F301DF952C /* SearchTextFieldDelegate.swift in Sources */,
				224A0832C6A8AF777EAFB03A /* SearchView.swift in Sources */,
				A31362E09DE81CD3D27FDF9B /* SearchViewController.swift in Sources */,
				C5463FB79AD3CBCB817EC804 /* SearchViewModel.swift in Sources */,
				20D81FE4C76226150ACCF27C /* ShadowElevation.swift in Sources */,
				0100ECA80EF5C01F16D6C5DF /* Sizes.swift in Sources */,
				E31911A82F852FD4C0E9C307 /* Spacing.swift in Sources */,
				D4DA0FF62B81E85D7C2662E9 /* SplashViewController.swift in Sources */,
				2996E1A3089C7BFC200D0EC3 /* StringExtensions.swift in Sources */,
				BBA34EF651DFC90D8BCB766D /* TextFields.swift in Sources */,
				F8D596E1BB68899084E5F66D /* TokenErrorResponse.swift in Sources */,
				DC81615491C03273236FF886 /* TokenManager.swift in Sources */,
				5BC42A9742113059CC1E3023 /* TokenRequest.swift in Sources */,
				0B333F03A98D021AE4FEF11D /* TokenResponse.swift in Sources */,
				5F59CACE610ED8555CD2BB1F /* Typography.swift in Sources */,
				1D9781004C31DC4375CB7C1B /* UICollectionViewExtensions.swift in Sources */,
				88A0DF395094BBB3362D813C /* UIEdgeInsetsExtensions.swift in Sources */,
				526060D9204A83D86C752A1B /* UIFontExtensions.swift in Sources */,
				C18513E544DC68E5B364FE70 /* UIImageViewExtensions.swift in Sources */,
				B346C0E71966480D43BB333A /* UIViewExtensions.swift in Sources */,
				B54CAB19FB69B9430A79D44A /* URLFactory.swift in Sources */,
				63E9A3BD9EF6E11E36BFE2A2 /* URLQueryItemEncoder.swift in Sources */,
				645BF74E68F041A991F11F80 /* URLRequestExtension.swift in Sources */,
				3405026F5B6A50B02EE8A430 /* ViewCoding.swift in Sources */,
			);
			runOnlyForDeploymentPostprocessing = 0;
		};
		B35CE10565ACCC3513DA8FCA /* Sources */ = {
			isa = PBXSourcesBuildPhase;
			buildActionMask = 2147483647;
			files = (
				114187CAA18947CCB3DB444B /* DoubleExtensionsTests.swift in Sources */,
				A1FCA1D154C90FF332B7264A /* DriverResponse.swift in Sources */,
				CF9A95DAB23B3710003E25B3 /* EstimateResponse.swift in Sources */,
				E08B9AFFC199877718A690AB /* GeoLocationResponse.swift in Sources */,
				B047D5DF824AA7863B564DA7 /* GeoLocationResponseTests.swift in Sources */,
				0F27D45DD018F705C514307A /* PaginationManagerTests.swift in Sources */,
				717DCBCE964DB7506C3242D3 /* ResponseType.swift in Sources */,
				533F5C37687E83A45FEB0093 /* RideResponse.swift in Sources */,
				DDDAD226675F3DDD5FCAAD38 /* RidesResponse.swift in Sources */,
				10BA3067C726A53F2A89E98E /* RouteResponse.swift in Sources */,
				4522F4A0B293CADC3E87ACB5 /* StringExtensionTests.swift in Sources */,
				7DEAEDBB98695D0F14BF93A2 /* WASAPIMock.swift in Sources */,
			);
			runOnlyForDeploymentPostprocessing = 0;
		};
/* End PBXSourcesBuildPhase section */

/* Begin PBXTargetDependency section */
		02309607BCFEF5E552F5471D /* PBXTargetDependency */ = {
			isa = PBXTargetDependency;
			target = 1BD18AB17563842D09796886 /* challenge */;
			targetProxy = C7A29AC73D88BCC6FC5AF32A /* PBXContainerItemProxy */;
		};
/* End PBXTargetDependency section */

/* Begin PBXVariantGroup section */
		243356E12739A4D68A2E238E /* LaunchScreen.storyboard */ = {
			isa = PBXVariantGroup;
			children = (
				47123DAE98C0248E50D0C76D /* Base */,
			);
			name = LaunchScreen.storyboard;
			sourceTree = "<group>";
		};
/* End PBXVariantGroup section */

/* Begin XCBuildConfiguration section */
		16D3B41670C2E9AF4A9C058E /* DebugLocal */ = {
			isa = XCBuildConfiguration;
			buildSettings = {
				BUNDLE_LOADER = "$(TEST_HOST)";
				INFOPLIST_FILE = challengeTests/Info.plist;
				LD_RUNPATH_SEARCH_PATHS = (
					"$(inherited)",
					"@executable_path/Frameworks",
					"@loader_path/Frameworks",
				);
				SDKROOT = iphoneos;
				TARGETED_DEVICE_FAMILY = "1,2";
				TEST_HOST = "$(BUILT_PRODUCTS_DIR)/challenge.app/challenge";
			};
			name = DebugLocal;
		};
		28AB1A052CDA67ACB1F215BA /* Release */ = {
			isa = XCBuildConfiguration;
			buildSettings = {
				BUNDLE_LOADER = "$(TEST_HOST)";
				INFOPLIST_FILE = challengeTests/Info.plist;
				LD_RUNPATH_SEARCH_PATHS = (
					"$(inherited)",
					"@executable_path/Frameworks",
					"@loader_path/Frameworks",
				);
				SDKROOT = iphoneos;
				TARGETED_DEVICE_FAMILY = "1,2";
				TEST_HOST = "$(BUILT_PRODUCTS_DIR)/challenge.app/challenge";
			};
			name = Release;
		};
		30736CDA0A82A3C5EC3931D7 /* DebugProduction */ = {
			isa = XCBuildConfiguration;
			buildSettings = {
				ASSETCATALOG_COMPILER_APPICON_NAME = AppIcon;
				INFOPLIST_FILE = challenge/Resources/Info.plist;
				LD_RUNPATH_SEARCH_PATHS = (
					"$(inherited)",
					"@executable_path/Frameworks",
				);
				SDKROOT = iphoneos;
				TARGETED_DEVICE_FAMILY = "1,2";
			};
			name = DebugProduction;
		};
		3FB76EFC525357D155E1192B /* DebugProduction */ = {
			isa = XCBuildConfiguration;
			buildSettings = {
				BUNDLE_LOADER = "$(TEST_HOST)";
				INFOPLIST_FILE = challengeTests/Info.plist;
				LD_RUNPATH_SEARCH_PATHS = (
					"$(inherited)",
					"@executable_path/Frameworks",
					"@loader_path/Frameworks",
				);
				SDKROOT = iphoneos;
				TARGETED_DEVICE_FAMILY = "1,2";
				TEST_HOST = "$(BUILT_PRODUCTS_DIR)/challenge.app/challenge";
			};
			name = DebugProduction;
		};
		610EB4116072A9DF0F7561B0 /* Release */ = {
			isa = XCBuildConfiguration;
			buildSettings = {
				ASSETCATALOG_COMPILER_APPICON_NAME = AppIcon;
				CODE_SIGN_IDENTITY = "iPhone Developer";
				INFOPLIST_FILE = challenge/Resources/Info.plist;
				IPHONEOS_DEPLOYMENT_TARGET = 17.0;
				LD_RUNPATH_SEARCH_PATHS = (
					"$(inherited)",
					"@executable_path/Frameworks",
				);
				SDKROOT = iphoneos;
				TARGETED_DEVICE_FAMILY = "1,2";
			};
			name = Release;
		};
		824E4A2F05120DB39838BB70 /* DebugLocal */ = {
			isa = XCBuildConfiguration;
			baseConfigurationReference = A4A94E4BF0D0CF0E7406FFB2 /* Local.xcconfig */;
			buildSettings = {
				ALWAYS_SEARCH_USER_PATHS = NO;
				CLANG_ANALYZER_NONNULL = YES;
				CLANG_ANALYZER_NUMBER_OBJECT_CONVERSION = YES_AGGRESSIVE;
				CLANG_CXX_LANGUAGE_STANDARD = "gnu++14";
				CLANG_CXX_LIBRARY = "libc++";
				CLANG_ENABLE_MODULES = YES;
				CLANG_ENABLE_OBJC_ARC = YES;
				CLANG_WARN_BLOCK_CAPTURE_AUTORELEASING = YES;
				CLANG_WARN_BOOL_CONVERSION = YES;
				CLANG_WARN_COMMA = YES;
				CLANG_WARN_CONSTANT_CONVERSION = YES;
				CLANG_WARN_DEPRECATED_OBJC_IMPLEMENTATIONS = YES;
				CLANG_WARN_DIRECT_OBJC_ISA_USAGE = YES_ERROR;
				CLANG_WARN_DOCUMENTATION_COMMENTS = YES;
				CLANG_WARN_EMPTY_BODY = YES;
				CLANG_WARN_ENUM_CONVERSION = YES;
				CLANG_WARN_INFINITE_RECURSION = YES;
				CLANG_WARN_INT_CONVERSION = YES;
				CLANG_WARN_NON_LITERAL_NULL_CONVERSION = YES;
				CLANG_WARN_OBJC_IMPLICIT_RETAIN_SELF = YES;
				CLANG_WARN_OBJC_LITERAL_CONVERSION = YES;
				CLANG_WARN_OBJC_ROOT_CLASS = YES_ERROR;
				CLANG_WARN_QUOTED_INCLUDE_IN_FRAMEWORK_HEADER = YES;
				CLANG_WARN_RANGE_LOOP_ANALYSIS = YES;
				CLANG_WARN_STRICT_PROTOTYPES = YES;
				CLANG_WARN_SUSPICIOUS_MOVE = YES;
				CLANG_WARN_UNGUARDED_AVAILABILITY = YES_AGGRESSIVE;
				CLANG_WARN_UNREACHABLE_CODE = YES;
				CLANG_WARN__DUPLICATE_METHOD_MATCH = YES;
				COPY_PHASE_STRIP = NO;
				DEBUG_INFORMATION_FORMAT = dwarf;
				ENABLE_STRICT_OBJC_MSGSEND = YES;
				GCC_C_LANGUAGE_STANDARD = gnu11;
				GCC_DYNAMIC_NO_PIC = NO;
				GCC_NO_COMMON_BLOCKS = YES;
				GCC_PREPROCESSOR_DEFINITIONS = (
					"$(inherited)",
					"DEBUG=1",
				);
				GCC_WARN_64_TO_32_BIT_CONVERSION = YES;
				GCC_WARN_ABOUT_RETURN_TYPE = YES_ERROR;
				GCC_WARN_UNDECLARED_SELECTOR = YES;
				GCC_WARN_UNINITIALIZED_AUTOS = YES_AGGRESSIVE;
				GCC_WARN_UNUSED_FUNCTION = YES;
				GCC_WARN_UNUSED_VARIABLE = YES;
				MTL_ENABLE_DEBUG_INFO = INCLUDE_SOURCE;
				MTL_FAST_MATH = YES;
				ONLY_ACTIVE_ARCH = YES;
				PRODUCT_NAME = "$(TARGET_NAME)";
				SDKROOT = iphoneos;
			};
			name = DebugLocal;
		};
		9FC8F5CA5C4A2402E8733D26 /* Release */ = {
			isa = XCBuildConfiguration;
			buildSettings = {
				ALWAYS_SEARCH_USER_PATHS = NO;
				CLANG_ANALYZER_NONNULL = YES;
				CLANG_ANALYZER_NUMBER_OBJECT_CONVERSION = YES_AGGRESSIVE;
				CLANG_CXX_LANGUAGE_STANDARD = "gnu++14";
				CLANG_CXX_LIBRARY = "libc++";
				CLANG_ENABLE_MODULES = YES;
				CLANG_ENABLE_OBJC_ARC = YES;
				CLANG_ENABLE_OBJC_WEAK = YES;
				CLANG_WARN_BLOCK_CAPTURE_AUTORELEASING = YES;
				CLANG_WARN_BOOL_CONVERSION = YES;
				CLANG_WARN_COMMA = YES;
				CLANG_WARN_CONSTANT_CONVERSION = YES;
				CLANG_WARN_DEPRECATED_OBJC_IMPLEMENTATIONS = YES;
				CLANG_WARN_DIRECT_OBJC_ISA_USAGE = YES_ERROR;
				CLANG_WARN_DOCUMENTATION_COMMENTS = YES;
				CLANG_WARN_EMPTY_BODY = YES;
				CLANG_WARN_ENUM_CONVERSION = YES;
				CLANG_WARN_INFINITE_RECURSION = YES;
				CLANG_WARN_INT_CONVERSION = YES;
				CLANG_WARN_NON_LITERAL_NULL_CONVERSION = YES;
				CLANG_WARN_OBJC_IMPLICIT_RETAIN_SELF = YES;
				CLANG_WARN_OBJC_LITERAL_CONVERSION = YES;
				CLANG_WARN_OBJC_ROOT_CLASS = YES_ERROR;
				CLANG_WARN_QUOTED_INCLUDE_IN_FRAMEWORK_HEADER = YES;
				CLANG_WARN_RANGE_LOOP_ANALYSIS = YES;
				CLANG_WARN_STRICT_PROTOTYPES = YES;
				CLANG_WARN_SUSPICIOUS_MOVE = YES;
				CLANG_WARN_UNGUARDED_AVAILABILITY = YES_AGGRESSIVE;
				CLANG_WARN_UNREACHABLE_CODE = YES;
				CLANG_WARN__DUPLICATE_METHOD_MATCH = YES;
				COPY_PHASE_STRIP = NO;
				DEBUG_INFORMATION_FORMAT = "dwarf-with-dsym";
				ENABLE_NS_ASSERTIONS = NO;
				ENABLE_STRICT_OBJC_MSGSEND = YES;
				GCC_C_LANGUAGE_STANDARD = gnu11;
				GCC_NO_COMMON_BLOCKS = YES;
				GCC_WARN_64_TO_32_BIT_CONVERSION = YES;
				GCC_WARN_ABOUT_RETURN_TYPE = YES_ERROR;
				GCC_WARN_UNDECLARED_SELECTOR = YES;
				GCC_WARN_UNINITIALIZED_AUTOS = YES_AGGRESSIVE;
				GCC_WARN_UNUSED_FUNCTION = YES;
				GCC_WARN_UNUSED_VARIABLE = YES;
				MTL_ENABLE_DEBUG_INFO = NO;
				MTL_FAST_MATH = YES;
				PRODUCT_NAME = "$(TARGET_NAME)";
				SDKROOT = iphoneos;
				SWIFT_COMPILATION_MODE = wholemodule;
				SWIFT_OPTIMIZATION_LEVEL = "-O";
				SWIFT_VERSION = 5.0;
			};
			name = Release;
		};
		C76661F50B470DA9127E6EC9 /* DebugLocal */ = {
			isa = XCBuildConfiguration;
			buildSettings = {
				ASSETCATALOG_COMPILER_APPICON_NAME = AppIcon;
				INFOPLIST_FILE = challenge/Resources/Info.plist;
				LD_RUNPATH_SEARCH_PATHS = (
					"$(inherited)",
					"@executable_path/Frameworks",
				);
				SDKROOT = iphoneos;
				TARGETED_DEVICE_FAMILY = "1,2";
			};
			name = DebugLocal;
		};
		FB0603438C2BB2958FE5B266 /* DebugProduction */ = {
			isa = XCBuildConfiguration;
			baseConfigurationReference = D49D281A92D7D007C562BF65 /* Production.xcconfig */;
			buildSettings = {
				ALWAYS_SEARCH_USER_PATHS = NO;
				CLANG_ANALYZER_NONNULL = YES;
				CLANG_ANALYZER_NUMBER_OBJECT_CONVERSION = YES_AGGRESSIVE;
				CLANG_CXX_LANGUAGE_STANDARD = "gnu++14";
				CLANG_CXX_LIBRARY = "libc++";
				CLANG_ENABLE_MODULES = YES;
				CLANG_ENABLE_OBJC_ARC = YES;
				CLANG_WARN_BLOCK_CAPTURE_AUTORELEASING = YES;
				CLANG_WARN_BOOL_CONVERSION = YES;
				CLANG_WARN_COMMA = YES;
				CLANG_WARN_CONSTANT_CONVERSION = YES;
				CLANG_WARN_DEPRECATED_OBJC_IMPLEMENTATIONS = YES;
				CLANG_WARN_DIRECT_OBJC_ISA_USAGE = YES_ERROR;
				CLANG_WARN_DOCUMENTATION_COMMENTS = YES;
				CLANG_WARN_EMPTY_BODY = YES;
				CLANG_WARN_ENUM_CONVERSION = YES;
				CLANG_WARN_INFINITE_RECURSION = YES;
				CLANG_WARN_INT_CONVERSION = YES;
				CLANG_WARN_NON_LITERAL_NULL_CONVERSION = YES;
				CLANG_WARN_OBJC_IMPLICIT_RETAIN_SELF = YES;
				CLANG_WARN_OBJC_LITERAL_CONVERSION = YES;
				CLANG_WARN_OBJC_ROOT_CLASS = YES_ERROR;
				CLANG_WARN_QUOTED_INCLUDE_IN_FRAMEWORK_HEADER = YES;
				CLANG_WARN_RANGE_LOOP_ANALYSIS = YES;
				CLANG_WARN_STRICT_PROTOTYPES = YES;
				CLANG_WARN_SUSPICIOUS_MOVE = YES;
				CLANG_WARN_UNGUARDED_AVAILABILITY = YES_AGGRESSIVE;
				CLANG_WARN_UNREACHABLE_CODE = YES;
				CLANG_WARN__DUPLICATE_METHOD_MATCH = YES;
				COPY_PHASE_STRIP = NO;
				DEBUG_INFORMATION_FORMAT = dwarf;
				ENABLE_STRICT_OBJC_MSGSEND = YES;
				GCC_C_LANGUAGE_STANDARD = gnu11;
				GCC_DYNAMIC_NO_PIC = NO;
				GCC_NO_COMMON_BLOCKS = YES;
				GCC_PREPROCESSOR_DEFINITIONS = (
					"$(inherited)",
					"DEBUG=1",
				);
				GCC_WARN_64_TO_32_BIT_CONVERSION = YES;
				GCC_WARN_ABOUT_RETURN_TYPE = YES_ERROR;
				GCC_WARN_UNDECLARED_SELECTOR = YES;
				GCC_WARN_UNINITIALIZED_AUTOS = YES_AGGRESSIVE;
				GCC_WARN_UNUSED_FUNCTION = YES;
				GCC_WARN_UNUSED_VARIABLE = YES;
				MTL_ENABLE_DEBUG_INFO = INCLUDE_SOURCE;
				MTL_FAST_MATH = YES;
				ONLY_ACTIVE_ARCH = YES;
				PRODUCT_NAME = "$(TARGET_NAME)";
				SDKROOT = iphoneos;
			};
			name = DebugProduction;
		};
/* End XCBuildConfiguration section */

/* Begin XCConfigurationList section */
		85EB60BB5E1B24492930F216 /* Build configuration list for PBXNativeTarget "challengeTests" */ = {
			isa = XCConfigurationList;
			buildConfigurations = (
				16D3B41670C2E9AF4A9C058E /* DebugLocal */,
				3FB76EFC525357D155E1192B /* DebugProduction */,
				28AB1A052CDA67ACB1F215BA /* Release */,
			);
			defaultConfigurationIsVisible = 0;
			defaultConfigurationName = DebugLocal;
		};
		EB3B666A28181B6E0508EEB8 /* Build configuration list for PBXProject "challenge" */ = {
			isa = XCConfigurationList;
			buildConfigurations = (
				824E4A2F05120DB39838BB70 /* DebugLocal */,
				FB0603438C2BB2958FE5B266 /* DebugProduction */,
				9FC8F5CA5C4A2402E8733D26 /* Release */,
			);
			defaultConfigurationIsVisible = 0;
			defaultConfigurationName = DebugLocal;
		};
		ECEC575B496C441D66721314 /* Build configuration list for PBXNativeTarget "challenge" */ = {
			isa = XCConfigurationList;
			buildConfigurations = (
				C76661F50B470DA9127E6EC9 /* DebugLocal */,
				30736CDA0A82A3C5EC3931D7 /* DebugProduction */,
				610EB4116072A9DF0F7561B0 /* Release */,
			);
			defaultConfigurationIsVisible = 0;
			defaultConfigurationName = DebugLocal;
		};
/* End XCConfigurationList section */
	};
	rootObject = 3D3C629AA56C05E99DA73355 /* Project object */;
}
